<?xml version="1.0" encoding="utf-8"?>
<Project ToolsVersion="4.0" xmlns="http://schemas.microsoft.com/developer/msbuild/2003">
  <ItemGroup>
    <Filter Include="Win32">
      <UniqueIdentifier>{7309a18e-f4c3-483e-bbd8-f2d8b4954c39}</UniqueIdentifier>
    </Filter>
    <Filter Include="Emulation Core">
      <UniqueIdentifier>{60592400-af50-4c32-83fe-f14a102204bf}</UniqueIdentifier>
    </Filter>
    <Filter Include="Emulation Core\Debugger">
      <UniqueIdentifier>{19d0f341-6642-4f37-8edb-8062f9ff1ba0}</UniqueIdentifier>
    </Filter>
    <Filter Include="Emulation Core\Tape">
      <UniqueIdentifier>{483bcc6c-6e4c-4281-b258-a088d703a19f}</UniqueIdentifier>
    </Filter>
    <Filter Include="Emulation Core\Z80 Core">
      <UniqueIdentifier>{8b037eda-4595-4163-8433-a4e1a595ddf2}</UniqueIdentifier>
    </Filter>
    <Filter Include="Emulation Core\ZX_Spectrum_48k">
      <UniqueIdentifier>{acfed058-85b2-437a-8e8b-0f7c6bbe63ed}</UniqueIdentifier>
    </Filter>
    <Filter Include="Emulation Core\ZX_Spectrum_128k">
      <UniqueIdentifier>{75376aa9-9ea3-48aa-8778-40f306e317c9}</UniqueIdentifier>
    </Filter>
    <Filter Include="Emulation Core\ZX_Spectrum_Core">
      <UniqueIdentifier>{f349b50e-8028-4a02-bcc3-c41380384210}</UniqueIdentifier>
    </Filter>
  </ItemGroup>
  <ItemGroup>
    <ClCompile Include="SpectREM\Win32\WinMain.cpp">
      <Filter>Win32</Filter>
    </ClCompile>
    <ClCompile Include="SpectREM\Win32\AudioCore.cpp">
      <Filter>Win32</Filter>
    </ClCompile>
    <ClCompile Include="SpectREM\Win32\OpenGLView.cpp">
      <Filter>Win32</Filter>
    </ClCompile>
    <ClCompile Include="SpectREM\Emulation Core\Debugger\Debug.cpp">
      <Filter>Emulation Core\Debugger</Filter>
    </ClCompile>
    <ClCompile Include="SpectREM\Emulation Core\Tape\Tape.cpp">
      <Filter>Emulation Core\Tape</Filter>
    </ClCompile>
    <ClCompile Include="SpectREM\Emulation Core\Z80_Core\Z80Core.cpp">
      <Filter>Emulation Core\Z80 Core</Filter>
    </ClCompile>
    <ClCompile Include="SpectREM\Emulation Core\Z80_Core\Z80Core_CBOpcodes.cpp">
      <Filter>Emulation Core\Z80 Core</Filter>
    </ClCompile>
    <ClCompile Include="SpectREM\Emulation Core\Z80_Core\Z80Core_DDCB_FDCBOpcodes.cpp">
      <Filter>Emulation Core\Z80 Core</Filter>
    </ClCompile>
    <ClCompile Include="SpectREM\Emulation Core\Z80_Core\Z80Core_DDOpcodes.cpp">
      <Filter>Emulation Core\Z80 Core</Filter>
    </ClCompile>
    <ClCompile Include="SpectREM\Emulation Core\Z80_Core\Z80Core_EDOpcodes.cpp">
      <Filter>Emulation Core\Z80 Core</Filter>
    </ClCompile>
    <ClCompile Include="SpectREM\Emulation Core\Z80_Core\Z80Core_FDOpcodes.cpp">
      <Filter>Emulation Core\Z80 Core</Filter>
    </ClCompile>
    <ClCompile Include="SpectREM\Emulation Core\Z80_Core\Z80Core_MainOpcodes.cpp">
      <Filter>Emulation Core\Z80 Core</Filter>
    </ClCompile>
    <ClCompile Include="SpectREM\Emulation Core\ZX_Spectrum_48k\ZXSpectrum48.cpp">
      <Filter>Emulation Core\ZX_Spectrum_48k</Filter>
    </ClCompile>
    <ClCompile Include="SpectREM\Emulation Core\ZX_Spectrum_128k\ZXSpectrum128.cpp">
      <Filter>Emulation Core\ZX_Spectrum_128k</Filter>
    </ClCompile>
    <ClCompile Include="SpectREM\Emulation Core\ZX_Spectrum_Core\Audio.cpp">
      <Filter>Emulation Core\ZX_Spectrum_Core</Filter>
    </ClCompile>
    <ClCompile Include="SpectREM\Emulation Core\ZX_Spectrum_Core\Contention.cpp">
      <Filter>Emulation Core\ZX_Spectrum_Core</Filter>
    </ClCompile>
    <ClCompile Include="SpectREM\Emulation Core\ZX_Spectrum_Core\Display.cpp">
      <Filter>Emulation Core\ZX_Spectrum_Core</Filter>
    </ClCompile>
    <ClCompile Include="SpectREM\Emulation Core\ZX_Spectrum_Core\FloatingBus.cpp">
      <Filter>Emulation Core\ZX_Spectrum_Core</Filter>
    </ClCompile>
    <ClCompile Include="SpectREM\Emulation Core\ZX_Spectrum_Core\Keyboard.cpp">
      <Filter>Emulation Core\ZX_Spectrum_Core</Filter>
    </ClCompile>
    <ClCompile Include="SpectREM\Emulation Core\ZX_Spectrum_Core\Snapshot.cpp">
      <Filter>Emulation Core\ZX_Spectrum_Core</Filter>
    </ClCompile>
    <ClCompile Include="SpectREM\Emulation Core\ZX_Spectrum_Core\ZXSpectrum.cpp">
      <Filter>Emulation Core\ZX_Spectrum_Core</Filter>
    </ClCompile>
    <ClCompile Include="SpectREM\OSX\AudioQueue.cpp">
      <Filter>Win32</Filter>
    </ClCompile>
    <ClCompile Include="SpectREM\Win32\PMDawn.cpp">
      <Filter>Win32</Filter>
    </ClCompile>
    <ClCompile Include="SpectREM\Win32\TapeViewerWindow.cpp">
      <Filter>Win32</Filter>
    </ClCompile>
    <ClCompile Include="SpectREM\Emulation Core\ZX_Spectrum_128k_2\ZXSpectrum128_2.cpp" />
    <ClCompile Include="SpectREM\Emulation Core\ZXSpectrum_128k_2A\ZXSpectrum128_2A.cpp" />
  </ItemGroup>
  <ItemGroup>
    <ClInclude Include="SpectREM\Win32\AudioCore.hpp">
      <Filter>Win32</Filter>
    </ClInclude>
    <ClInclude Include="SpectREM\Win32\OpenGLView.hpp">
      <Filter>Win32</Filter>
    </ClInclude>
    <ClInclude Include="SpectREM\Emulation Core\Debugger\Debug.hpp">
      <Filter>Emulation Core\Debugger</Filter>
    </ClInclude>
    <ClInclude Include="SpectREM\Emulation Core\Tape\Tape.hpp">
      <Filter>Emulation Core\Tape</Filter>
    </ClInclude>
    <ClInclude Include="SpectREM\Emulation Core\Z80_Core\Z80Core.h">
      <Filter>Emulation Core\Z80 Core</Filter>
    </ClInclude>
    <ClInclude Include="SpectREM\Emulation Core\Z80_Core\Z80Core_CBOpcodes.h">
      <Filter>Emulation Core\Z80 Core</Filter>
    </ClInclude>
    <ClInclude Include="SpectREM\Emulation Core\Z80_Core\Z80Core_DDCB_FDCBOpcodes.h">
      <Filter>Emulation Core\Z80 Core</Filter>
    </ClInclude>
    <ClInclude Include="SpectREM\Emulation Core\Z80_Core\Z80Core_DDOpcodes.h">
      <Filter>Emulation Core\Z80 Core</Filter>
    </ClInclude>
    <ClInclude Include="SpectREM\Emulation Core\Z80_Core\Z80Core_EDOpcodes.h">
      <Filter>Emulation Core\Z80 Core</Filter>
    </ClInclude>
    <ClInclude Include="SpectREM\Emulation Core\Z80_Core\Z80Core_FDOpcodes.h">
      <Filter>Emulation Core\Z80 Core</Filter>
    </ClInclude>
    <ClInclude Include="SpectREM\Emulation Core\Z80_Core\Z80Core_MainOpcodes.h">
      <Filter>Emulation Core\Z80 Core</Filter>
    </ClInclude>
    <ClInclude Include="SpectREM\Emulation Core\Z80_Core\Z80CoreOpcodeTables.h">
      <Filter>Emulation Core\Z80 Core</Filter>
    </ClInclude>
    <ClInclude Include="SpectREM\Emulation Core\ZX_Spectrum_48k\ZXSpectrum48.hpp">
      <Filter>Emulation Core\ZX_Spectrum_48k</Filter>
    </ClInclude>
    <ClInclude Include="SpectREM\Emulation Core\ZX_Spectrum_128k\ZXSpectrum128.hpp">
      <Filter>Emulation Core\ZX_Spectrum_128k</Filter>
    </ClInclude>
    <ClInclude Include="SpectREM\Emulation Core\ZX_Spectrum_Core\MachineInfo.h">
      <Filter>Emulation Core\ZX_Spectrum_Core</Filter>
    </ClInclude>
    <ClInclude Include="SpectREM\Emulation Core\ZX_Spectrum_Core\ZXSpectrum.hpp">
      <Filter>Emulation Core\ZX_Spectrum_Core</Filter>
    </ClInclude>
    <ClInclude Include="resource.h" />
    <ClInclude Include="SpectREM\OSX\AudioQueue.hpp">
      <Filter>Win32</Filter>
    </ClInclude>
    <ClInclude Include="SpectREM\Win32\TapeViewerWindow.hpp">
      <Filter>Win32</Filter>
    </ClInclude>
    <ClInclude Include="SpectREM\Win32\PMDawn.hpp">
      <Filter>Win32</Filter>
    </ClInclude>
    <ClInclude Include="SpectREM\Emulation Core\ZX_Spectrum_128k_2\ZXSpectrum128_2.hpp" />
    <ClInclude Include="SpectREM\Emulation Core\ZXSpectrum_128k_2A\ZXSpectrum128_2A.hpp" />
  </ItemGroup>
  <ItemGroup>
    <None Include="SpectREM\clut.frag" />
    <None Include="SpectREM\clut.vert" />
    <None Include="SpectREM\display.frag" />
    <None Include="SpectREM\display.vert" />
    <None Include="Spectrem\Win32\display.frag" />
    <None Include="Spectrem\Win32\display.vert" />
    <None Include="Spectrem\Win32\clut.frag" />
    <None Include="Spectrem\Win32\clut.vert" />
    <None Include="ClassDiagram.cd" />
  </ItemGroup>
  <ItemGroup>
    <Text Include="Info.txt">
      <Filter>Win32</Filter>
    </Text>
  </ItemGroup>
  <ItemGroup>
    <ResourceCompile Include="SpectREM.rc" />
  </ItemGroup>
  <ItemGroup>
    <Image Include="Y:\OneDrive\Z80 Asm Editor\ZXAsmEd.ico" />
    <Image Include="..\..\..\..\Downloads\SpectREM.png" />
    <Image Include="SpectREM\Win32\SpectREM.ico" />
  </ItemGroup>
</Project>