// !$*UTF8*$!
{
	archiveVersion = 1;
	classes = {
	};
	objectVersion = 48;
	objects = {

/* Begin PBXBuildFile section */
		17B27F041F6877C800B811FC /* AudioQueue.cpp in Sources */ = {isa = PBXBuildFile; fileRef = 17B27F021F6877C800B811FC /* AudioQueue.cpp */; };
		17B5DB971F5B14A7003E7EF3 /* AudioCore.mm in Sources */ = {isa = PBXBuildFile; fileRef = 17B5DB951F5B14A7003E7EF3 /* AudioCore.mm */; };
		17C33DFA1F6578E600720A06 /* TapeBrowserViewController.m in Sources */ = {isa = PBXBuildFile; fileRef = 17C33DF91F6578E600720A06 /* TapeBrowserViewController.m */; };
		17C33DFE1F6583A400720A06 /* TapeCellView.m in Sources */ = {isa = PBXBuildFile; fileRef = 17C33DFD1F6583A400720A06 /* TapeCellView.m */; };
		17EC89101F5B1FC500B6EFAF /* AudioToolbox.framework in Frameworks */ = {isa = PBXBuildFile; fileRef = 17EC890F1F5B1FC500B6EFAF /* AudioToolbox.framework */; };
		271CB8F02399655400A63D0B /* ORSSerial.framework in Frameworks */ = {isa = PBXBuildFile; fileRef = 271CB8EB2399653C00A63D0B /* ORSSerial.framework */; };
		276ADE292101CAA900EC7DC9 /* Display.metal in Sources */ = {isa = PBXBuildFile; fileRef = 276ADE282101CAA900EC7DC9 /* Display.metal */; };
		276ADE2D2101CE6500EC7DC9 /* MetalKit.framework in Frameworks */ = {isa = PBXBuildFile; fileRef = 276ADE2C2101CE6500EC7DC9 /* MetalKit.framework */; };
		276ADE2F21021A2200EC7DC9 /* MetalRenderer.m in Sources */ = {isa = PBXBuildFile; fileRef = 276ADE2E21021A2200EC7DC9 /* MetalRenderer.m */; };
		276ADE3421021B5100EC7DC9 /* MetalView.m in Sources */ = {isa = PBXBuildFile; fileRef = 276ADE3321021B5100EC7DC9 /* MetalView.m */; };
		276E3F9C1F97A06B00020BB3 /* AVFoundation.framework in Frameworks */ = {isa = PBXBuildFile; fileRef = 17B5DB9C1F5B1CCE003E7EF3 /* AVFoundation.framework */; };
		276E3F9E1F97AAE800020BB3 /* CoreMedia.framework in Frameworks */ = {isa = PBXBuildFile; fileRef = 276E3F9D1F97AAD600020BB3 /* CoreMedia.framework */; };
		276E3FA01F9FA01100020BB3 /* reflection.png in Resources */ = {isa = PBXBuildFile; fileRef = 276E3F9F1F9FA01000020BB3 /* reflection.png */; };
		27BAE9A520F4CB68007A8CFB /* Commands.rtf in Resources */ = {isa = PBXBuildFile; fileRef = 27BAE9A420F4CB68007A8CFB /* Commands.rtf */; };
		27BAE9A820F4CE9C007A8CFB /* InstructionViewController.m in Sources */ = {isa = PBXBuildFile; fileRef = 27BAE9A720F4CE9C007A8CFB /* InstructionViewController.m */; };
		27BE4031239E60A7006204BA /* SmartLink.mm in Sources */ = {isa = PBXBuildFile; fileRef = 27BE402F239E60A7006204BA /* SmartLink.mm */; };
		27C5AE472146F0D3008DBD54 /* InfoPanelViewController.m in Sources */ = {isa = PBXBuildFile; fileRef = 27C5AE462146F0D3008DBD54 /* InfoPanelViewController.m */; };
		27C5DBA51FFC000A0064C661 /* DebugViewController.mm in Sources */ = {isa = PBXBuildFile; fileRef = 27C5DBA41FFC000A0064C661 /* DebugViewController.mm */; };
		2934D95723B6347600A9BAA6 /* 128-1.ROM in Resources */ = {isa = PBXBuildFile; fileRef = 2934D92923B6347500A9BAA6 /* 128-1.ROM */; };
		2934D95823B6347600A9BAA6 /* 128-1.ROM in Resources */ = {isa = PBXBuildFile; fileRef = 2934D92923B6347500A9BAA6 /* 128-1.ROM */; };
		2934D95923B6347600A9BAA6 /* 128-0.ROM in Resources */ = {isa = PBXBuildFile; fileRef = 2934D92A23B6347500A9BAA6 /* 128-0.ROM */; };
		2934D95A23B6347600A9BAA6 /* 128-0.ROM in Resources */ = {isa = PBXBuildFile; fileRef = 2934D92A23B6347500A9BAA6 /* 128-0.ROM */; };
		2934D95B23B6347600A9BAA6 /* plus2-0.ROM in Resources */ = {isa = PBXBuildFile; fileRef = 2934D92B23B6347500A9BAA6 /* plus2-0.ROM */; };
		2934D95C23B6347600A9BAA6 /* plus2-0.ROM in Resources */ = {isa = PBXBuildFile; fileRef = 2934D92B23B6347500A9BAA6 /* plus2-0.ROM */; };
		2934D95D23B6347600A9BAA6 /* plus2-1.ROM in Resources */ = {isa = PBXBuildFile; fileRef = 2934D92C23B6347500A9BAA6 /* plus2-1.ROM */; };
		2934D95E23B6347600A9BAA6 /* plus2-1.ROM in Resources */ = {isa = PBXBuildFile; fileRef = 2934D92C23B6347500A9BAA6 /* plus2-1.ROM */; };
		2934D95F23B6347600A9BAA6 /* 128.rom in Resources */ = {isa = PBXBuildFile; fileRef = 2934D92D23B6347500A9BAA6 /* 128.rom */; };
		2934D96023B6347600A9BAA6 /* 128.rom in Resources */ = {isa = PBXBuildFile; fileRef = 2934D92D23B6347500A9BAA6 /* 128.rom */; };
		2934D96123B6347600A9BAA6 /* 48.ROM in Resources */ = {isa = PBXBuildFile; fileRef = 2934D92E23B6347500A9BAA6 /* 48.ROM */; };
		2934D96223B6347600A9BAA6 /* 48.ROM in Resources */ = {isa = PBXBuildFile; fileRef = 2934D92E23B6347500A9BAA6 /* 48.ROM */; };
		2934D96323B6347600A9BAA6 /* Z80Core_EDOpcodes.cpp in Sources */ = {isa = PBXBuildFile; fileRef = 2934D93123B6347500A9BAA6 /* Z80Core_EDOpcodes.cpp */; };
		2934D96423B6347600A9BAA6 /* Z80Core_EDOpcodes.cpp in Sources */ = {isa = PBXBuildFile; fileRef = 2934D93123B6347500A9BAA6 /* Z80Core_EDOpcodes.cpp */; };
		2934D96523B6347600A9BAA6 /* Z80Core.cpp in Sources */ = {isa = PBXBuildFile; fileRef = 2934D93323B6347500A9BAA6 /* Z80Core.cpp */; };
		2934D96623B6347600A9BAA6 /* Z80Core.cpp in Sources */ = {isa = PBXBuildFile; fileRef = 2934D93323B6347500A9BAA6 /* Z80Core.cpp */; };
		2934D96723B6347600A9BAA6 /* Z80Core_FDOpcodes.cpp in Sources */ = {isa = PBXBuildFile; fileRef = 2934D93723B6347600A9BAA6 /* Z80Core_FDOpcodes.cpp */; };
		2934D96823B6347600A9BAA6 /* Z80Core_FDOpcodes.cpp in Sources */ = {isa = PBXBuildFile; fileRef = 2934D93723B6347600A9BAA6 /* Z80Core_FDOpcodes.cpp */; };
		2934D96923B6347600A9BAA6 /* Z80Core_CBOpcodes.cpp in Sources */ = {isa = PBXBuildFile; fileRef = 2934D93823B6347600A9BAA6 /* Z80Core_CBOpcodes.cpp */; };
		2934D96A23B6347600A9BAA6 /* Z80Core_CBOpcodes.cpp in Sources */ = {isa = PBXBuildFile; fileRef = 2934D93823B6347600A9BAA6 /* Z80Core_CBOpcodes.cpp */; };
		2934D96B23B6347600A9BAA6 /* Z80Core_DDOpcodes.cpp in Sources */ = {isa = PBXBuildFile; fileRef = 2934D93B23B6347600A9BAA6 /* Z80Core_DDOpcodes.cpp */; };
		2934D96C23B6347600A9BAA6 /* Z80Core_DDOpcodes.cpp in Sources */ = {isa = PBXBuildFile; fileRef = 2934D93B23B6347600A9BAA6 /* Z80Core_DDOpcodes.cpp */; };
		2934D96D23B6347600A9BAA6 /* Z80Core_MainOpcodes.cpp in Sources */ = {isa = PBXBuildFile; fileRef = 2934D93C23B6347600A9BAA6 /* Z80Core_MainOpcodes.cpp */; };
		2934D96E23B6347600A9BAA6 /* Z80Core_MainOpcodes.cpp in Sources */ = {isa = PBXBuildFile; fileRef = 2934D93C23B6347600A9BAA6 /* Z80Core_MainOpcodes.cpp */; };
		2934D96F23B6347600A9BAA6 /* Z80Core_DDCB_FDCBOpcodes.cpp in Sources */ = {isa = PBXBuildFile; fileRef = 2934D93D23B6347600A9BAA6 /* Z80Core_DDCB_FDCBOpcodes.cpp */; };
		2934D97023B6347600A9BAA6 /* Z80Core_DDCB_FDCBOpcodes.cpp in Sources */ = {isa = PBXBuildFile; fileRef = 2934D93D23B6347600A9BAA6 /* Z80Core_DDCB_FDCBOpcodes.cpp */; };
		2934D97123B6347600A9BAA6 /* FloatingBus.cpp in Sources */ = {isa = PBXBuildFile; fileRef = 2934D94023B6347600A9BAA6 /* FloatingBus.cpp */; };
		2934D97223B6347600A9BAA6 /* FloatingBus.cpp in Sources */ = {isa = PBXBuildFile; fileRef = 2934D94023B6347600A9BAA6 /* FloatingBus.cpp */; };
		2934D97323B6347600A9BAA6 /* Audio.cpp in Sources */ = {isa = PBXBuildFile; fileRef = 2934D94123B6347600A9BAA6 /* Audio.cpp */; };
		2934D97423B6347600A9BAA6 /* Audio.cpp in Sources */ = {isa = PBXBuildFile; fileRef = 2934D94123B6347600A9BAA6 /* Audio.cpp */; };
		2934D97523B6347600A9BAA6 /* ZXSpectrum.cpp in Sources */ = {isa = PBXBuildFile; fileRef = 2934D94223B6347600A9BAA6 /* ZXSpectrum.cpp */; };
		2934D97623B6347600A9BAA6 /* ZXSpectrum.cpp in Sources */ = {isa = PBXBuildFile; fileRef = 2934D94223B6347600A9BAA6 /* ZXSpectrum.cpp */; };
		2934D97723B6347600A9BAA6 /* Display.cpp in Sources */ = {isa = PBXBuildFile; fileRef = 2934D94323B6347600A9BAA6 /* Display.cpp */; };
		2934D97823B6347600A9BAA6 /* Display.cpp in Sources */ = {isa = PBXBuildFile; fileRef = 2934D94323B6347600A9BAA6 /* Display.cpp */; };
		2934D97923B6347600A9BAA6 /* Snapshot.cpp in Sources */ = {isa = PBXBuildFile; fileRef = 2934D94423B6347600A9BAA6 /* Snapshot.cpp */; };
		2934D97A23B6347600A9BAA6 /* Snapshot.cpp in Sources */ = {isa = PBXBuildFile; fileRef = 2934D94423B6347600A9BAA6 /* Snapshot.cpp */; };
		2934D97B23B6347600A9BAA6 /* Contention.cpp in Sources */ = {isa = PBXBuildFile; fileRef = 2934D94523B6347600A9BAA6 /* Contention.cpp */; };
		2934D97C23B6347600A9BAA6 /* Contention.cpp in Sources */ = {isa = PBXBuildFile; fileRef = 2934D94523B6347600A9BAA6 /* Contention.cpp */; };
		2934D97D23B6347600A9BAA6 /* Keyboard.cpp in Sources */ = {isa = PBXBuildFile; fileRef = 2934D94823B6347600A9BAA6 /* Keyboard.cpp */; };
		2934D97E23B6347600A9BAA6 /* Keyboard.cpp in Sources */ = {isa = PBXBuildFile; fileRef = 2934D94823B6347600A9BAA6 /* Keyboard.cpp */; };
		2934D97F23B6347600A9BAA6 /* ZXSpectrum48.cpp in Sources */ = {isa = PBXBuildFile; fileRef = 2934D94A23B6347600A9BAA6 /* ZXSpectrum48.cpp */; };
		2934D98023B6347600A9BAA6 /* ZXSpectrum48.cpp in Sources */ = {isa = PBXBuildFile; fileRef = 2934D94A23B6347600A9BAA6 /* ZXSpectrum48.cpp */; };
		2934D98123B6347600A9BAA6 /* Debug.cpp in Sources */ = {isa = PBXBuildFile; fileRef = 2934D94E23B6347600A9BAA6 /* Debug.cpp */; };
		2934D98223B6347600A9BAA6 /* Debug.cpp in Sources */ = {isa = PBXBuildFile; fileRef = 2934D94E23B6347600A9BAA6 /* Debug.cpp */; };
		2934D98323B6347600A9BAA6 /* Tape.cpp in Sources */ = {isa = PBXBuildFile; fileRef = 2934D95123B6347600A9BAA6 /* Tape.cpp */; };
		2934D98423B6347600A9BAA6 /* Tape.cpp in Sources */ = {isa = PBXBuildFile; fileRef = 2934D95123B6347600A9BAA6 /* Tape.cpp */; };
		2934D98523B6347600A9BAA6 /* ZXSpectrum128.cpp in Sources */ = {isa = PBXBuildFile; fileRef = 2934D95423B6347600A9BAA6 /* ZXSpectrum128.cpp */; };
		2934D98623B6347600A9BAA6 /* ZXSpectrum128.cpp in Sources */ = {isa = PBXBuildFile; fileRef = 2934D95423B6347600A9BAA6 /* ZXSpectrum128.cpp */; };
		2934D98723B6347600A9BAA6 /* LICENSE in Resources */ = {isa = PBXBuildFile; fileRef = 2934D95523B6347600A9BAA6 /* LICENSE */; };
		2934D98823B6347600A9BAA6 /* LICENSE in Resources */ = {isa = PBXBuildFile; fileRef = 2934D95523B6347600A9BAA6 /* LICENSE */; };
		2934D98923B6347600A9BAA6 /* README.md in Resources */ = {isa = PBXBuildFile; fileRef = 2934D95623B6347600A9BAA6 /* README.md */; };
		2934D98A23B6347600A9BAA6 /* README.md in Resources */ = {isa = PBXBuildFile; fileRef = 2934D95623B6347600A9BAA6 /* README.md */; };
		29555BEF21E3C36D004BC007 /* AudioQueue.cpp in Sources */ = {isa = PBXBuildFile; fileRef = 17B27F021F6877C800B811FC /* AudioQueue.cpp */; };
		29555C0921E523FA004BC007 /* AudioCore.mm in Sources */ = {isa = PBXBuildFile; fileRef = 17B5DB951F5B14A7003E7EF3 /* AudioCore.mm */; };
		29555C1421E52701004BC007 /* CoreMedia.framework in Frameworks */ = {isa = PBXBuildFile; fileRef = 29555C1321E52701004BC007 /* CoreMedia.framework */; };
		29555C1621E5270A004BC007 /* MetalKit.framework in Frameworks */ = {isa = PBXBuildFile; fileRef = 29555C1521E5270A004BC007 /* MetalKit.framework */; };
		29555C1821E52719004BC007 /* AudioToolbox.framework in Frameworks */ = {isa = PBXBuildFile; fileRef = 29555C1721E52719004BC007 /* AudioToolbox.framework */; };
		29555C1A21E5271F004BC007 /* AVFoundation.framework in Frameworks */ = {isa = PBXBuildFile; fileRef = 29555C1921E5271F004BC007 /* AVFoundation.framework */; };
		29555C1B21EA30AC004BC007 /* MetalRenderer.m in Sources */ = {isa = PBXBuildFile; fileRef = 276ADE2E21021A2200EC7DC9 /* MetalRenderer.m */; };
		29555C1C21EA30B2004BC007 /* Display.metal in Sources */ = {isa = PBXBuildFile; fileRef = 276ADE282101CAA900EC7DC9 /* Display.metal */; };
		2968890321E3B98900BFC3BD /* AppDelegate.m in Sources */ = {isa = PBXBuildFile; fileRef = 2968890221E3B98900BFC3BD /* AppDelegate.m */; };
		2968890921E3B98900BFC3BD /* EmulationViewControlleriOS.mm in Sources */ = {isa = PBXBuildFile; fileRef = 2968890821E3B98900BFC3BD /* EmulationViewControlleriOS.mm */; };
		2968890F21E3B98900BFC3BD /* Main.storyboard in Resources */ = {isa = PBXBuildFile; fileRef = 2968890D21E3B98900BFC3BD /* Main.storyboard */; };
		2968891121E3B98B00BFC3BD /* Assets.xcassets in Resources */ = {isa = PBXBuildFile; fileRef = 2968891021E3B98B00BFC3BD /* Assets.xcassets */; };
		2968891421E3B98B00BFC3BD /* LaunchScreen.storyboard in Resources */ = {isa = PBXBuildFile; fileRef = 2968891221E3B98B00BFC3BD /* LaunchScreen.storyboard */; };
		2968891721E3B98B00BFC3BD /* main.m in Sources */ = {isa = PBXBuildFile; fileRef = 2968891621E3B98B00BFC3BD /* main.m */; };
		29D0D61B23AE418C00BA8A30 /* UserNotifications.framework in Frameworks */ = {isa = PBXBuildFile; fileRef = 29D0D61A23AE418C00BA8A30 /* UserNotifications.framework */; };
		29E98454239531C00033E63C /* NSObject+Bindings.mm in Sources */ = {isa = PBXBuildFile; fileRef = 29E98453239531C00033E63C /* NSObject+Bindings.mm */; };
		ED2A6D051F6036D3003CD6CE /* ConfigurationViewController.m in Sources */ = {isa = PBXBuildFile; fileRef = ED2A6D041F6036D3003CD6CE /* ConfigurationViewController.m */; };
		ED2A6D0A1F603D18003CD6CE /* NSClipView+Flipped.m in Sources */ = {isa = PBXBuildFile; fileRef = ED2A6D091F603D18003CD6CE /* NSClipView+Flipped.m */; };
		ED2A6D101F616C43003CD6CE /* ExportAccessoryViewController.m in Sources */ = {isa = PBXBuildFile; fileRef = ED2A6D0F1F616C43003CD6CE /* ExportAccessoryViewController.m */; };
		ED913F9A1F30759300316E1A /* AppDelegate.m in Sources */ = {isa = PBXBuildFile; fileRef = ED913F991F30759300316E1A /* AppDelegate.m */; };
		ED913F9D1F30759300316E1A /* main.m in Sources */ = {isa = PBXBuildFile; fileRef = ED913F9C1F30759300316E1A /* main.m */; };
		ED913FA71F30759300316E1A /* EmulationViewController.mm in Sources */ = {isa = PBXBuildFile; fileRef = ED913FA61F30759300316E1A /* EmulationViewController.mm */; };
		ED913FA91F30759300316E1A /* Assets.xcassets in Resources */ = {isa = PBXBuildFile; fileRef = ED913FA81F30759300316E1A /* Assets.xcassets */; };
		ED913FAC1F30759300316E1A /* Main.storyboard in Resources */ = {isa = PBXBuildFile; fileRef = ED913FAA1F30759300316E1A /* Main.storyboard */; };
		EDB7F7FC1F5ED3EF003053E3 /* EmulationWindowController.m in Sources */ = {isa = PBXBuildFile; fileRef = EDB7F7FB1F5ED3EF003053E3 /* EmulationWindowController.m */; };
		EDC56FDA1F6C228700162739 /* Defaults.m in Sources */ = {isa = PBXBuildFile; fileRef = EDC56FD91F6C228700162739 /* Defaults.m */; };
		EDD9ADED1F59C111004DD728 /* Credits.rtf in Resources */ = {isa = PBXBuildFile; fileRef = EDD9ADEC1F59C111004DD728 /* Credits.rtf */; };
/* End PBXBuildFile section */

/* Begin PBXContainerItemProxy section */
		271CB8EA2399653C00A63D0B /* PBXContainerItemProxy */ = {
			isa = PBXContainerItemProxy;
			containerPortal = 271CB8E52399653C00A63D0B /* ORSSerialPort.xcodeproj */;
			proxyType = 2;
			remoteGlobalIDString = 9DCA89121A2BB106009285EB;
			remoteInfo = ORSSerial;
		};
		271CB8EC2399653C00A63D0B /* PBXContainerItemProxy */ = {
			isa = PBXContainerItemProxy;
			containerPortal = 271CB8E52399653C00A63D0B /* ORSSerialPort.xcodeproj */;
			proxyType = 2;
			remoteGlobalIDString = 9D7472131B6D7767002D8B10;
			remoteInfo = "ORSSerialPort Tests";
		};
		271CB8EE2399654D00A63D0B /* PBXContainerItemProxy */ = {
			isa = PBXContainerItemProxy;
			containerPortal = 271CB8E52399653C00A63D0B /* ORSSerialPort.xcodeproj */;
			proxyType = 1;
			remoteGlobalIDString = 9DCA89111A2BB106009285EB;
			remoteInfo = ORSSerial;
		};
/* End PBXContainerItemProxy section */

/* Begin PBXFileReference section */
		17B27F021F6877C800B811FC /* AudioQueue.cpp */ = {isa = PBXFileReference; fileEncoding = 4; lastKnownFileType = sourcecode.cpp.cpp; path = AudioQueue.cpp; sourceTree = "<group>"; };
		17B27F031F6877C800B811FC /* AudioQueue.hpp */ = {isa = PBXFileReference; fileEncoding = 4; lastKnownFileType = sourcecode.cpp.h; path = AudioQueue.hpp; sourceTree = "<group>"; };
		17B5DB931F5B14A7003E7EF3 /* AudioCore.h */ = {isa = PBXFileReference; fileEncoding = 4; lastKnownFileType = sourcecode.c.h; path = AudioCore.h; sourceTree = "<group>"; };
		17B5DB951F5B14A7003E7EF3 /* AudioCore.mm */ = {isa = PBXFileReference; fileEncoding = 4; lastKnownFileType = sourcecode.cpp.objcpp; path = AudioCore.mm; sourceTree = "<group>"; };
		17B5DB9C1F5B1CCE003E7EF3 /* AVFoundation.framework */ = {isa = PBXFileReference; lastKnownFileType = wrapper.framework; name = AVFoundation.framework; path = System/Library/Frameworks/AVFoundation.framework; sourceTree = SDKROOT; };
		17C33DF81F6578E600720A06 /* TapeBrowserViewController.h */ = {isa = PBXFileReference; fileEncoding = 4; lastKnownFileType = sourcecode.c.h; path = TapeBrowserViewController.h; sourceTree = "<group>"; };
		17C33DF91F6578E600720A06 /* TapeBrowserViewController.m */ = {isa = PBXFileReference; fileEncoding = 4; lastKnownFileType = sourcecode.c.objc; path = TapeBrowserViewController.m; sourceTree = "<group>"; };
		17C33DFC1F6583A400720A06 /* TapeCellView.h */ = {isa = PBXFileReference; fileEncoding = 4; lastKnownFileType = sourcecode.c.h; path = TapeCellView.h; sourceTree = "<group>"; };
		17C33DFD1F6583A400720A06 /* TapeCellView.m */ = {isa = PBXFileReference; fileEncoding = 4; lastKnownFileType = sourcecode.c.objc; path = TapeCellView.m; sourceTree = "<group>"; };
		17EC890F1F5B1FC500B6EFAF /* AudioToolbox.framework */ = {isa = PBXFileReference; lastKnownFileType = wrapper.framework; name = AudioToolbox.framework; path = System/Library/Frameworks/AudioToolbox.framework; sourceTree = SDKROOT; };
		271CB8E52399653C00A63D0B /* ORSSerialPort.xcodeproj */ = {isa = PBXFileReference; lastKnownFileType = "wrapper.pb-project"; name = ORSSerialPort.xcodeproj; path = "../Frameworks/ORSSerialPort/Framework Project/ORSSerialPort.xcodeproj"; sourceTree = "<group>"; };
		276ADE242101C64E00EC7DC9 /* MetalRenderer.h */ = {isa = PBXFileReference; lastKnownFileType = sourcecode.c.h; path = MetalRenderer.h; sourceTree = "<group>"; };
		276ADE272101C75B00EC7DC9 /* ShaderTypes.h */ = {isa = PBXFileReference; lastKnownFileType = sourcecode.c.h; path = ShaderTypes.h; sourceTree = "<group>"; };
		276ADE282101CAA900EC7DC9 /* Display.metal */ = {isa = PBXFileReference; lastKnownFileType = sourcecode.metal; path = Display.metal; sourceTree = "<group>"; };
		276ADE2C2101CE6500EC7DC9 /* MetalKit.framework */ = {isa = PBXFileReference; lastKnownFileType = wrapper.framework; name = MetalKit.framework; path = System/Library/Frameworks/MetalKit.framework; sourceTree = SDKROOT; };
		276ADE2E21021A2200EC7DC9 /* MetalRenderer.m */ = {isa = PBXFileReference; fileEncoding = 4; lastKnownFileType = sourcecode.c.objc; path = MetalRenderer.m; sourceTree = "<group>"; };
		276ADE3221021B5100EC7DC9 /* MetalView.h */ = {isa = PBXFileReference; lastKnownFileType = sourcecode.c.h; path = MetalView.h; sourceTree = "<group>"; };
		276ADE3321021B5100EC7DC9 /* MetalView.m */ = {isa = PBXFileReference; lastKnownFileType = sourcecode.c.objc; path = MetalView.m; sourceTree = "<group>"; };
		276E3F9D1F97AAD600020BB3 /* CoreMedia.framework */ = {isa = PBXFileReference; lastKnownFileType = wrapper.framework; name = CoreMedia.framework; path = System/Library/Frameworks/CoreMedia.framework; sourceTree = SDKROOT; };
		276E3F9F1F9FA01000020BB3 /* reflection.png */ = {isa = PBXFileReference; lastKnownFileType = image.png; name = reflection.png; path = Assets.xcassets/reflection.imageset/reflection.png; sourceTree = "<group>"; };
		27BAE9A420F4CB68007A8CFB /* Commands.rtf */ = {isa = PBXFileReference; lastKnownFileType = text.rtf; path = Commands.rtf; sourceTree = "<group>"; };
		27BAE9A620F4CE9C007A8CFB /* InstructionViewController.h */ = {isa = PBXFileReference; lastKnownFileType = sourcecode.c.h; path = InstructionViewController.h; sourceTree = "<group>"; };
		27BAE9A720F4CE9C007A8CFB /* InstructionViewController.m */ = {isa = PBXFileReference; lastKnownFileType = sourcecode.c.objc; path = InstructionViewController.m; sourceTree = "<group>"; };
		27BE402F239E60A7006204BA /* SmartLink.mm */ = {isa = PBXFileReference; fileEncoding = 4; lastKnownFileType = sourcecode.cpp.objcpp; path = SmartLink.mm; sourceTree = "<group>"; };
		27BE4030239E60A7006204BA /* SmartLink.h */ = {isa = PBXFileReference; fileEncoding = 4; lastKnownFileType = sourcecode.c.h; path = SmartLink.h; sourceTree = "<group>"; };
		27C5AE452146F0D3008DBD54 /* InfoPanelViewController.h */ = {isa = PBXFileReference; lastKnownFileType = sourcecode.c.h; path = InfoPanelViewController.h; sourceTree = "<group>"; };
		27C5AE462146F0D3008DBD54 /* InfoPanelViewController.m */ = {isa = PBXFileReference; lastKnownFileType = sourcecode.c.objc; path = InfoPanelViewController.m; sourceTree = "<group>"; };
		27C5DBA31FFC000A0064C661 /* DebugViewController.h */ = {isa = PBXFileReference; lastKnownFileType = sourcecode.c.h; path = DebugViewController.h; sourceTree = "<group>"; };
		27C5DBA41FFC000A0064C661 /* DebugViewController.mm */ = {isa = PBXFileReference; lastKnownFileType = sourcecode.cpp.objcpp; path = DebugViewController.mm; sourceTree = "<group>"; };
		2934D92923B6347500A9BAA6 /* 128-1.ROM */ = {isa = PBXFileReference; lastKnownFileType = file; path = "128-1.ROM"; sourceTree = "<group>"; };
		2934D92A23B6347500A9BAA6 /* 128-0.ROM */ = {isa = PBXFileReference; lastKnownFileType = file; path = "128-0.ROM"; sourceTree = "<group>"; };
		2934D92B23B6347500A9BAA6 /* plus2-0.ROM */ = {isa = PBXFileReference; lastKnownFileType = file; path = "plus2-0.ROM"; sourceTree = "<group>"; };
		2934D92C23B6347500A9BAA6 /* plus2-1.ROM */ = {isa = PBXFileReference; lastKnownFileType = file; path = "plus2-1.ROM"; sourceTree = "<group>"; };
		2934D92D23B6347500A9BAA6 /* 128.rom */ = {isa = PBXFileReference; lastKnownFileType = file; path = 128.rom; sourceTree = "<group>"; };
		2934D92E23B6347500A9BAA6 /* 48.ROM */ = {isa = PBXFileReference; lastKnownFileType = file; path = 48.ROM; sourceTree = "<group>"; };
		2934D93023B6347500A9BAA6 /* Z80Core_MainOpcodes.h */ = {isa = PBXFileReference; fileEncoding = 4; lastKnownFileType = sourcecode.c.h; path = Z80Core_MainOpcodes.h; sourceTree = "<group>"; };
		2934D93123B6347500A9BAA6 /* Z80Core_EDOpcodes.cpp */ = {isa = PBXFileReference; fileEncoding = 4; lastKnownFileType = sourcecode.cpp.cpp; path = Z80Core_EDOpcodes.cpp; sourceTree = "<group>"; };
		2934D93223B6347500A9BAA6 /* Z80Core_FDOpcodes.h */ = {isa = PBXFileReference; fileEncoding = 4; lastKnownFileType = sourcecode.c.h; path = Z80Core_FDOpcodes.h; sourceTree = "<group>"; };
		2934D93323B6347500A9BAA6 /* Z80Core.cpp */ = {isa = PBXFileReference; fileEncoding = 4; lastKnownFileType = sourcecode.cpp.cpp; path = Z80Core.cpp; sourceTree = "<group>"; };
		2934D93423B6347600A9BAA6 /* Z80Core.h */ = {isa = PBXFileReference; fileEncoding = 4; lastKnownFileType = sourcecode.c.h; path = Z80Core.h; sourceTree = "<group>"; };
		2934D93523B6347600A9BAA6 /* Z80CoreOpcodeTables.h */ = {isa = PBXFileReference; fileEncoding = 4; lastKnownFileType = sourcecode.c.h; path = Z80CoreOpcodeTables.h; sourceTree = "<group>"; };
		2934D93623B6347600A9BAA6 /* Z80Core_DDCB_FDCBOpcodes.h */ = {isa = PBXFileReference; fileEncoding = 4; lastKnownFileType = sourcecode.c.h; path = Z80Core_DDCB_FDCBOpcodes.h; sourceTree = "<group>"; };
		2934D93723B6347600A9BAA6 /* Z80Core_FDOpcodes.cpp */ = {isa = PBXFileReference; fileEncoding = 4; lastKnownFileType = sourcecode.cpp.cpp; path = Z80Core_FDOpcodes.cpp; sourceTree = "<group>"; };
		2934D93823B6347600A9BAA6 /* Z80Core_CBOpcodes.cpp */ = {isa = PBXFileReference; fileEncoding = 4; lastKnownFileType = sourcecode.cpp.cpp; path = Z80Core_CBOpcodes.cpp; sourceTree = "<group>"; };
		2934D93923B6347600A9BAA6 /* Z80Core_CBOpcodes.h */ = {isa = PBXFileReference; fileEncoding = 4; lastKnownFileType = sourcecode.c.h; path = Z80Core_CBOpcodes.h; sourceTree = "<group>"; };
		2934D93A23B6347600A9BAA6 /* Z80Core_DDOpcodes.h */ = {isa = PBXFileReference; fileEncoding = 4; lastKnownFileType = sourcecode.c.h; path = Z80Core_DDOpcodes.h; sourceTree = "<group>"; };
		2934D93B23B6347600A9BAA6 /* Z80Core_DDOpcodes.cpp */ = {isa = PBXFileReference; fileEncoding = 4; lastKnownFileType = sourcecode.cpp.cpp; path = Z80Core_DDOpcodes.cpp; sourceTree = "<group>"; };
		2934D93C23B6347600A9BAA6 /* Z80Core_MainOpcodes.cpp */ = {isa = PBXFileReference; fileEncoding = 4; lastKnownFileType = sourcecode.cpp.cpp; path = Z80Core_MainOpcodes.cpp; sourceTree = "<group>"; };
		2934D93D23B6347600A9BAA6 /* Z80Core_DDCB_FDCBOpcodes.cpp */ = {isa = PBXFileReference; fileEncoding = 4; lastKnownFileType = sourcecode.cpp.cpp; path = Z80Core_DDCB_FDCBOpcodes.cpp; sourceTree = "<group>"; };
		2934D93E23B6347600A9BAA6 /* Z80Core_EDOpcodes.h */ = {isa = PBXFileReference; fileEncoding = 4; lastKnownFileType = sourcecode.c.h; path = Z80Core_EDOpcodes.h; sourceTree = "<group>"; };
		2934D94023B6347600A9BAA6 /* FloatingBus.cpp */ = {isa = PBXFileReference; fileEncoding = 4; lastKnownFileType = sourcecode.cpp.cpp; path = FloatingBus.cpp; sourceTree = "<group>"; };
		2934D94123B6347600A9BAA6 /* Audio.cpp */ = {isa = PBXFileReference; fileEncoding = 4; lastKnownFileType = sourcecode.cpp.cpp; path = Audio.cpp; sourceTree = "<group>"; };
		2934D94223B6347600A9BAA6 /* ZXSpectrum.cpp */ = {isa = PBXFileReference; fileEncoding = 4; lastKnownFileType = sourcecode.cpp.cpp; path = ZXSpectrum.cpp; sourceTree = "<group>"; };
		2934D94323B6347600A9BAA6 /* Display.cpp */ = {isa = PBXFileReference; fileEncoding = 4; lastKnownFileType = sourcecode.cpp.cpp; path = Display.cpp; sourceTree = "<group>"; };
		2934D94423B6347600A9BAA6 /* Snapshot.cpp */ = {isa = PBXFileReference; fileEncoding = 4; lastKnownFileType = sourcecode.cpp.cpp; path = Snapshot.cpp; sourceTree = "<group>"; };
		2934D94523B6347600A9BAA6 /* Contention.cpp */ = {isa = PBXFileReference; fileEncoding = 4; lastKnownFileType = sourcecode.cpp.cpp; path = Contention.cpp; sourceTree = "<group>"; };
		2934D94623B6347600A9BAA6 /* ZXSpectrum.hpp */ = {isa = PBXFileReference; fileEncoding = 4; lastKnownFileType = sourcecode.cpp.h; path = ZXSpectrum.hpp; sourceTree = "<group>"; };
		2934D94723B6347600A9BAA6 /* MachineInfo.h */ = {isa = PBXFileReference; fileEncoding = 4; lastKnownFileType = sourcecode.c.h; path = MachineInfo.h; sourceTree = "<group>"; };
		2934D94823B6347600A9BAA6 /* Keyboard.cpp */ = {isa = PBXFileReference; fileEncoding = 4; lastKnownFileType = sourcecode.cpp.cpp; path = Keyboard.cpp; sourceTree = "<group>"; };
		2934D94A23B6347600A9BAA6 /* ZXSpectrum48.cpp */ = {isa = PBXFileReference; fileEncoding = 4; lastKnownFileType = sourcecode.cpp.cpp; path = ZXSpectrum48.cpp; sourceTree = "<group>"; };
		2934D94B23B6347600A9BAA6 /* ZXSpectrum48.hpp */ = {isa = PBXFileReference; fileEncoding = 4; lastKnownFileType = sourcecode.cpp.h; path = ZXSpectrum48.hpp; sourceTree = "<group>"; };
		2934D94D23B6347600A9BAA6 /* Debug.hpp */ = {isa = PBXFileReference; fileEncoding = 4; lastKnownFileType = sourcecode.cpp.h; path = Debug.hpp; sourceTree = "<group>"; };
		2934D94E23B6347600A9BAA6 /* Debug.cpp */ = {isa = PBXFileReference; fileEncoding = 4; lastKnownFileType = sourcecode.cpp.cpp; path = Debug.cpp; sourceTree = "<group>"; };
		2934D95023B6347600A9BAA6 /* Tape.hpp */ = {isa = PBXFileReference; fileEncoding = 4; lastKnownFileType = sourcecode.cpp.h; path = Tape.hpp; sourceTree = "<group>"; };
		2934D95123B6347600A9BAA6 /* Tape.cpp */ = {isa = PBXFileReference; fileEncoding = 4; lastKnownFileType = sourcecode.cpp.cpp; path = Tape.cpp; sourceTree = "<group>"; };
		2934D95323B6347600A9BAA6 /* ZXSpectrum128.hpp */ = {isa = PBXFileReference; fileEncoding = 4; lastKnownFileType = sourcecode.cpp.h; path = ZXSpectrum128.hpp; sourceTree = "<group>"; };
		2934D95423B6347600A9BAA6 /* ZXSpectrum128.cpp */ = {isa = PBXFileReference; fileEncoding = 4; lastKnownFileType = sourcecode.cpp.cpp; path = ZXSpectrum128.cpp; sourceTree = "<group>"; };
		2934D95523B6347600A9BAA6 /* LICENSE */ = {isa = PBXFileReference; fileEncoding = 4; lastKnownFileType = text; path = LICENSE; sourceTree = "<group>"; };
		2934D95623B6347600A9BAA6 /* README.md */ = {isa = PBXFileReference; fileEncoding = 4; lastKnownFileType = net.daringfireball.markdown; path = README.md; sourceTree = "<group>"; };
		29555C1321E52701004BC007 /* CoreMedia.framework */ = {isa = PBXFileReference; lastKnownFileType = wrapper.framework; name = CoreMedia.framework; path = Platforms/iPhoneOS.platform/Developer/SDKs/iPhoneOS12.1.sdk/System/Library/Frameworks/CoreMedia.framework; sourceTree = DEVELOPER_DIR; };
		29555C1521E5270A004BC007 /* MetalKit.framework */ = {isa = PBXFileReference; lastKnownFileType = wrapper.framework; name = MetalKit.framework; path = Platforms/iPhoneOS.platform/Developer/SDKs/iPhoneOS12.1.sdk/System/Library/Frameworks/MetalKit.framework; sourceTree = DEVELOPER_DIR; };
		29555C1721E52719004BC007 /* AudioToolbox.framework */ = {isa = PBXFileReference; lastKnownFileType = wrapper.framework; name = AudioToolbox.framework; path = Platforms/iPhoneOS.platform/Developer/SDKs/iPhoneOS12.1.sdk/System/Library/Frameworks/AudioToolbox.framework; sourceTree = DEVELOPER_DIR; };
		29555C1921E5271F004BC007 /* AVFoundation.framework */ = {isa = PBXFileReference; lastKnownFileType = wrapper.framework; name = AVFoundation.framework; path = Platforms/iPhoneOS.platform/Developer/SDKs/iPhoneOS12.1.sdk/System/Library/Frameworks/AVFoundation.framework; sourceTree = DEVELOPER_DIR; };
		296888F921E3898F00BFC3BD /* EmulationProtocol.h */ = {isa = PBXFileReference; lastKnownFileType = sourcecode.c.h; path = EmulationProtocol.h; sourceTree = "<group>"; };
		296888FA21E3B35300BFC3BD /* SharedConstants.h */ = {isa = PBXFileReference; lastKnownFileType = sourcecode.c.h; path = SharedConstants.h; sourceTree = "<group>"; };
		296888FF21E3B98800BFC3BD /* SpectREMiOS.app */ = {isa = PBXFileReference; explicitFileType = wrapper.application; includeInIndex = 0; path = SpectREMiOS.app; sourceTree = BUILT_PRODUCTS_DIR; };
		2968890121E3B98900BFC3BD /* AppDelegate.h */ = {isa = PBXFileReference; lastKnownFileType = sourcecode.c.h; path = AppDelegate.h; sourceTree = "<group>"; };
		2968890221E3B98900BFC3BD /* AppDelegate.m */ = {isa = PBXFileReference; lastKnownFileType = sourcecode.c.objc; path = AppDelegate.m; sourceTree = "<group>"; };
		2968890721E3B98900BFC3BD /* EmulationViewControlleriOS.h */ = {isa = PBXFileReference; lastKnownFileType = sourcecode.c.h; path = EmulationViewControlleriOS.h; sourceTree = "<group>"; };
		2968890821E3B98900BFC3BD /* EmulationViewControlleriOS.mm */ = {isa = PBXFileReference; lastKnownFileType = sourcecode.cpp.objcpp; path = EmulationViewControlleriOS.mm; sourceTree = "<group>"; };
		2968890E21E3B98900BFC3BD /* Base */ = {isa = PBXFileReference; lastKnownFileType = file.storyboard; name = Base; path = Base.lproj/Main.storyboard; sourceTree = "<group>"; };
		2968891021E3B98B00BFC3BD /* Assets.xcassets */ = {isa = PBXFileReference; lastKnownFileType = folder.assetcatalog; path = Assets.xcassets; sourceTree = "<group>"; };
		2968891321E3B98B00BFC3BD /* Base */ = {isa = PBXFileReference; lastKnownFileType = file.storyboard; name = Base; path = Base.lproj/LaunchScreen.storyboard; sourceTree = "<group>"; };
		2968891521E3B98B00BFC3BD /* Info.plist */ = {isa = PBXFileReference; lastKnownFileType = text.plist.xml; path = Info.plist; sourceTree = "<group>"; };
		2968891621E3B98B00BFC3BD /* main.m */ = {isa = PBXFileReference; lastKnownFileType = sourcecode.c.objc; path = main.m; sourceTree = "<group>"; };
		29CE03BD22A7BD64007A1549 /* SpectREM.entitlements */ = {isa = PBXFileReference; lastKnownFileType = text.plist.entitlements; path = SpectREM.entitlements; sourceTree = "<group>"; };
		29D0D61A23AE418C00BA8A30 /* UserNotifications.framework */ = {isa = PBXFileReference; lastKnownFileType = wrapper.framework; name = UserNotifications.framework; path = System/Library/Frameworks/UserNotifications.framework; sourceTree = SDKROOT; };
		29E98452239531C00033E63C /* NSObject+Bindings.h */ = {isa = PBXFileReference; lastKnownFileType = sourcecode.c.h; path = "NSObject+Bindings.h"; sourceTree = "<group>"; };
		29E98453239531C00033E63C /* NSObject+Bindings.mm */ = {isa = PBXFileReference; lastKnownFileType = sourcecode.cpp.objcpp; path = "NSObject+Bindings.mm"; sourceTree = "<group>"; };
		ED2A6D031F6036D3003CD6CE /* ConfigurationViewController.h */ = {isa = PBXFileReference; fileEncoding = 4; lastKnownFileType = sourcecode.c.h; path = ConfigurationViewController.h; sourceTree = "<group>"; };
		ED2A6D041F6036D3003CD6CE /* ConfigurationViewController.m */ = {isa = PBXFileReference; fileEncoding = 4; lastKnownFileType = sourcecode.c.objc; path = ConfigurationViewController.m; sourceTree = "<group>"; };
		ED2A6D081F603D18003CD6CE /* NSClipView+Flipped.h */ = {isa = PBXFileReference; fileEncoding = 4; lastKnownFileType = sourcecode.c.h; path = "NSClipView+Flipped.h"; sourceTree = "<group>"; };
		ED2A6D091F603D18003CD6CE /* NSClipView+Flipped.m */ = {isa = PBXFileReference; fileEncoding = 4; lastKnownFileType = sourcecode.c.objc; path = "NSClipView+Flipped.m"; sourceTree = "<group>"; };
		ED2A6D0E1F616C43003CD6CE /* ExportAccessoryViewController.h */ = {isa = PBXFileReference; fileEncoding = 4; lastKnownFileType = sourcecode.c.h; path = ExportAccessoryViewController.h; sourceTree = "<group>"; };
		ED2A6D0F1F616C43003CD6CE /* ExportAccessoryViewController.m */ = {isa = PBXFileReference; fileEncoding = 4; lastKnownFileType = sourcecode.c.objc; path = ExportAccessoryViewController.m; sourceTree = "<group>"; };
		ED913F951F30759300316E1A /* SpectREM.app */ = {isa = PBXFileReference; explicitFileType = wrapper.application; includeInIndex = 0; path = SpectREM.app; sourceTree = BUILT_PRODUCTS_DIR; };
		ED913F981F30759300316E1A /* AppDelegate.h */ = {isa = PBXFileReference; lastKnownFileType = sourcecode.c.h; path = AppDelegate.h; sourceTree = "<group>"; };
		ED913F991F30759300316E1A /* AppDelegate.m */ = {isa = PBXFileReference; lastKnownFileType = sourcecode.c.objc; path = AppDelegate.m; sourceTree = "<group>"; };
		ED913F9C1F30759300316E1A /* main.m */ = {isa = PBXFileReference; lastKnownFileType = sourcecode.c.objc; path = main.m; sourceTree = "<group>"; };
		ED913FA51F30759300316E1A /* EmulationViewController.h */ = {isa = PBXFileReference; lastKnownFileType = sourcecode.c.h; path = EmulationViewController.h; sourceTree = "<group>"; };
		ED913FA61F30759300316E1A /* EmulationViewController.mm */ = {isa = PBXFileReference; lastKnownFileType = sourcecode.cpp.objcpp; path = EmulationViewController.mm; sourceTree = "<group>"; };
		ED913FA81F30759300316E1A /* Assets.xcassets */ = {isa = PBXFileReference; lastKnownFileType = folder.assetcatalog; path = Assets.xcassets; sourceTree = "<group>"; };
		ED913FAB1F30759300316E1A /* Base */ = {isa = PBXFileReference; lastKnownFileType = file.storyboard; name = Base; path = Base.lproj/Main.storyboard; sourceTree = "<group>"; };
		ED913FAD1F30759300316E1A /* Info.plist */ = {isa = PBXFileReference; lastKnownFileType = text.plist.xml; path = Info.plist; sourceTree = "<group>"; };
		EDB7F7FA1F5ED3EF003053E3 /* EmulationWindowController.h */ = {isa = PBXFileReference; fileEncoding = 4; lastKnownFileType = sourcecode.c.h; path = EmulationWindowController.h; sourceTree = "<group>"; };
		EDB7F7FB1F5ED3EF003053E3 /* EmulationWindowController.m */ = {isa = PBXFileReference; fileEncoding = 4; lastKnownFileType = sourcecode.c.objc; path = EmulationWindowController.m; sourceTree = "<group>"; };
		EDC56FD81F6C228700162739 /* Defaults.h */ = {isa = PBXFileReference; fileEncoding = 4; lastKnownFileType = sourcecode.c.h; path = Defaults.h; sourceTree = "<group>"; };
		EDC56FD91F6C228700162739 /* Defaults.m */ = {isa = PBXFileReference; fileEncoding = 4; lastKnownFileType = sourcecode.c.objc; path = Defaults.m; sourceTree = "<group>"; };
		EDD9ADEC1F59C111004DD728 /* Credits.rtf */ = {isa = PBXFileReference; fileEncoding = 4; lastKnownFileType = text.rtf; path = Credits.rtf; sourceTree = "<group>"; };
/* End PBXFileReference section */

/* Begin PBXFrameworksBuildPhase section */
		296888FC21E3B98800BFC3BD /* Frameworks */ = {
			isa = PBXFrameworksBuildPhase;
			buildActionMask = 2147483647;
			files = (
				29555C1A21E5271F004BC007 /* AVFoundation.framework in Frameworks */,
				29555C1821E52719004BC007 /* AudioToolbox.framework in Frameworks */,
				29555C1621E5270A004BC007 /* MetalKit.framework in Frameworks */,
				29555C1421E52701004BC007 /* CoreMedia.framework in Frameworks */,
			);
			runOnlyForDeploymentPostprocessing = 0;
		};
		ED913F921F30759300316E1A /* Frameworks */ = {
			isa = PBXFrameworksBuildPhase;
			buildActionMask = 2147483647;
			files = (
				271CB8F02399655400A63D0B /* ORSSerial.framework in Frameworks */,
				276ADE2D2101CE6500EC7DC9 /* MetalKit.framework in Frameworks */,
				29D0D61B23AE418C00BA8A30 /* UserNotifications.framework in Frameworks */,
				276E3F9E1F97AAE800020BB3 /* CoreMedia.framework in Frameworks */,
				276E3F9C1F97A06B00020BB3 /* AVFoundation.framework in Frameworks */,
				17EC89101F5B1FC500B6EFAF /* AudioToolbox.framework in Frameworks */,
			);
			runOnlyForDeploymentPostprocessing = 0;
		};
/* End PBXFrameworksBuildPhase section */

/* Begin PBXGroup section */
		17B5DB921F5B146C003E7EF3 /* Audio Core */ = {
			isa = PBXGroup;
			children = (
				17B5DB931F5B14A7003E7EF3 /* AudioCore.h */,
				17B5DB951F5B14A7003E7EF3 /* AudioCore.mm */,
				17B27F031F6877C800B811FC /* AudioQueue.hpp */,
				17B27F021F6877C800B811FC /* AudioQueue.cpp */,
			);
			name = "Audio Core";
			sourceTree = "<group>";
		};
		17B5DB9B1F5B1CCE003E7EF3 /* Frameworks */ = {
			isa = PBXGroup;
			children = (
				29D0D61A23AE418C00BA8A30 /* UserNotifications.framework */,
				29555C1921E5271F004BC007 /* AVFoundation.framework */,
				29555C1721E52719004BC007 /* AudioToolbox.framework */,
				29555C1521E5270A004BC007 /* MetalKit.framework */,
				29555C1321E52701004BC007 /* CoreMedia.framework */,
				276ADE2C2101CE6500EC7DC9 /* MetalKit.framework */,
				276E3F9D1F97AAD600020BB3 /* CoreMedia.framework */,
				17EC890F1F5B1FC500B6EFAF /* AudioToolbox.framework */,
				17B5DB9C1F5B1CCE003E7EF3 /* AVFoundation.framework */,
			);
			name = Frameworks;
			sourceTree = "<group>";
		};
		17C33DF71F65788F00720A06 /* Tape Browser */ = {
			isa = PBXGroup;
			children = (
				17C33DF81F6578E600720A06 /* TapeBrowserViewController.h */,
				17C33DF91F6578E600720A06 /* TapeBrowserViewController.m */,
				17C33DFC1F6583A400720A06 /* TapeCellView.h */,
				17C33DFD1F6583A400720A06 /* TapeCellView.m */,
			);
			name = "Tape Browser";
			sourceTree = "<group>";
		};
		17C33DFB1F657CDB00720A06 /* Main Window */ = {
			isa = PBXGroup;
			children = (
				EDB7F7FA1F5ED3EF003053E3 /* EmulationWindowController.h */,
				EDB7F7FB1F5ED3EF003053E3 /* EmulationWindowController.m */,
			);
			name = "Main Window";
			sourceTree = "<group>";
		};
		271CB8E62399653C00A63D0B /* Products */ = {
			isa = PBXGroup;
			children = (
				271CB8EB2399653C00A63D0B /* ORSSerial.framework */,
				271CB8ED2399653C00A63D0B /* ORSSerialPort Tests.xctest */,
			);
			name = Products;
			sourceTree = "<group>";
		};
		276ADE3121021B1700EC7DC9 /* Metal */ = {
			isa = PBXGroup;
			children = (
				276ADE272101C75B00EC7DC9 /* ShaderTypes.h */,
				276ADE242101C64E00EC7DC9 /* MetalRenderer.h */,
				276ADE2E21021A2200EC7DC9 /* MetalRenderer.m */,
				276ADE282101CAA900EC7DC9 /* Display.metal */,
				276ADE3221021B5100EC7DC9 /* MetalView.h */,
				276ADE3321021B5100EC7DC9 /* MetalView.m */,
			);
			name = Metal;
			sourceTree = "<group>";
		};
		27C5AE442146F0A5008DBD54 /* Info Panel View Controller */ = {
			isa = PBXGroup;
			children = (
				27C5AE452146F0D3008DBD54 /* InfoPanelViewController.h */,
				27C5AE462146F0D3008DBD54 /* InfoPanelViewController.m */,
			);
			name = "Info Panel View Controller";
			sourceTree = "<group>";
		};
		27C5DBA21FFBFFD40064C661 /* Debug View Controller */ = {
			isa = PBXGroup;
			children = (
				27C5DBA31FFC000A0064C661 /* DebugViewController.h */,
				27C5DBA41FFC000A0064C661 /* DebugViewController.mm */,
				27BAE9A620F4CE9C007A8CFB /* InstructionViewController.h */,
				27BAE9A720F4CE9C007A8CFB /* InstructionViewController.m */,
			);
			name = "Debug View Controller";
			sourceTree = "<group>";
		};
		2934D92523B6346600A9BAA6 /* Externals */ = {
			isa = PBXGroup;
			children = (
				2934D92623B6347500A9BAA6 /* ZXEmuCore */,
			);
			name = Externals;
			sourceTree = "<group>";
		};
		2934D92623B6347500A9BAA6 /* ZXEmuCore */ = {
			isa = PBXGroup;
			children = (
				2934D92723B6347500A9BAA6 /* Emulator_Core */,
				2934D95523B6347600A9BAA6 /* LICENSE */,
				2934D95623B6347600A9BAA6 /* README.md */,
			);
			name = ZXEmuCore;
			path = ../../../ZXEmuCore;
			sourceTree = "<group>";
		};
		2934D92723B6347500A9BAA6 /* Emulator_Core */ = {
			isa = PBXGroup;
			children = (
				2934D92823B6347500A9BAA6 /* ROMS */,
				2934D92F23B6347500A9BAA6 /* Z80_Core */,
				2934D93F23B6347600A9BAA6 /* ZX_Spectrum_Core */,
				2934D94C23B6347600A9BAA6 /* Debugger */,
				2934D94F23B6347600A9BAA6 /* Tape */,
				2934D94923B6347600A9BAA6 /* ZX_Spectrum_48k */,
				2934D95223B6347600A9BAA6 /* ZX_Spectrum_128k */,
			);
			path = Emulator_Core;
			sourceTree = "<group>";
		};
		2934D92823B6347500A9BAA6 /* ROMS */ = {
			isa = PBXGroup;
			children = (
				2934D92923B6347500A9BAA6 /* 128-1.ROM */,
				2934D92A23B6347500A9BAA6 /* 128-0.ROM */,
				2934D92B23B6347500A9BAA6 /* plus2-0.ROM */,
				2934D92C23B6347500A9BAA6 /* plus2-1.ROM */,
				2934D92D23B6347500A9BAA6 /* 128.rom */,
				2934D92E23B6347500A9BAA6 /* 48.ROM */,
			);
			path = ROMS;
			sourceTree = "<group>";
		};
		2934D92F23B6347500A9BAA6 /* Z80_Core */ = {
			isa = PBXGroup;
			children = (
				2934D93023B6347500A9BAA6 /* Z80Core_MainOpcodes.h */,
				2934D93123B6347500A9BAA6 /* Z80Core_EDOpcodes.cpp */,
				2934D93223B6347500A9BAA6 /* Z80Core_FDOpcodes.h */,
				2934D93323B6347500A9BAA6 /* Z80Core.cpp */,
				2934D93423B6347600A9BAA6 /* Z80Core.h */,
				2934D93523B6347600A9BAA6 /* Z80CoreOpcodeTables.h */,
				2934D93623B6347600A9BAA6 /* Z80Core_DDCB_FDCBOpcodes.h */,
				2934D93723B6347600A9BAA6 /* Z80Core_FDOpcodes.cpp */,
				2934D93823B6347600A9BAA6 /* Z80Core_CBOpcodes.cpp */,
				2934D93923B6347600A9BAA6 /* Z80Core_CBOpcodes.h */,
				2934D93A23B6347600A9BAA6 /* Z80Core_DDOpcodes.h */,
				2934D93B23B6347600A9BAA6 /* Z80Core_DDOpcodes.cpp */,
				2934D93C23B6347600A9BAA6 /* Z80Core_MainOpcodes.cpp */,
				2934D93D23B6347600A9BAA6 /* Z80Core_DDCB_FDCBOpcodes.cpp */,
				2934D93E23B6347600A9BAA6 /* Z80Core_EDOpcodes.h */,
			);
			path = Z80_Core;
			sourceTree = "<group>";
		};
		2934D93F23B6347600A9BAA6 /* ZX_Spectrum_Core */ = {
			isa = PBXGroup;
			children = (
				2934D94023B6347600A9BAA6 /* FloatingBus.cpp */,
				2934D94123B6347600A9BAA6 /* Audio.cpp */,
				2934D94223B6347600A9BAA6 /* ZXSpectrum.cpp */,
				2934D94323B6347600A9BAA6 /* Display.cpp */,
				2934D94423B6347600A9BAA6 /* Snapshot.cpp */,
				2934D94523B6347600A9BAA6 /* Contention.cpp */,
				2934D94623B6347600A9BAA6 /* ZXSpectrum.hpp */,
				2934D94723B6347600A9BAA6 /* MachineInfo.h */,
				2934D94823B6347600A9BAA6 /* Keyboard.cpp */,
			);
			path = ZX_Spectrum_Core;
			sourceTree = "<group>";
		};
		2934D94923B6347600A9BAA6 /* ZX_Spectrum_48k */ = {
			isa = PBXGroup;
			children = (
				2934D94A23B6347600A9BAA6 /* ZXSpectrum48.cpp */,
				2934D94B23B6347600A9BAA6 /* ZXSpectrum48.hpp */,
			);
			path = ZX_Spectrum_48k;
			sourceTree = "<group>";
		};
		2934D94C23B6347600A9BAA6 /* Debugger */ = {
			isa = PBXGroup;
			children = (
				2934D94D23B6347600A9BAA6 /* Debug.hpp */,
				2934D94E23B6347600A9BAA6 /* Debug.cpp */,
			);
			path = Debugger;
			sourceTree = "<group>";
		};
		2934D94F23B6347600A9BAA6 /* Tape */ = {
			isa = PBXGroup;
			children = (
				2934D95023B6347600A9BAA6 /* Tape.hpp */,
				2934D95123B6347600A9BAA6 /* Tape.cpp */,
			);
			path = Tape;
			sourceTree = "<group>";
		};
		2934D95223B6347600A9BAA6 /* ZX_Spectrum_128k */ = {
			isa = PBXGroup;
			children = (
				2934D95323B6347600A9BAA6 /* ZXSpectrum128.hpp */,
				2934D95423B6347600A9BAA6 /* ZXSpectrum128.cpp */,
			);
			path = ZX_Spectrum_128k;
			sourceTree = "<group>";
		};
		2968890021E3B98900BFC3BD /* SpectREMiOS */ = {
			isa = PBXGroup;
			children = (
				2968890121E3B98900BFC3BD /* AppDelegate.h */,
				2968890221E3B98900BFC3BD /* AppDelegate.m */,
				2968890721E3B98900BFC3BD /* EmulationViewControlleriOS.h */,
				2968890821E3B98900BFC3BD /* EmulationViewControlleriOS.mm */,
				2968890D21E3B98900BFC3BD /* Main.storyboard */,
				2968891021E3B98B00BFC3BD /* Assets.xcassets */,
				2968891221E3B98B00BFC3BD /* LaunchScreen.storyboard */,
				2968891521E3B98B00BFC3BD /* Info.plist */,
				2968891621E3B98B00BFC3BD /* main.m */,
			);
			path = SpectREMiOS;
			sourceTree = "<group>";
		};
		29E98462239535F60033E63C /* SmartLink */ = {
			isa = PBXGroup;
			children = (
				27BE4030239E60A7006204BA /* SmartLink.h */,
				27BE402F239E60A7006204BA /* SmartLink.mm */,
			);
			name = SmartLink;
			sourceTree = "<group>";
		};
		ED2A6D061F6036D8003CD6CE /* Configuration */ = {
			isa = PBXGroup;
			children = (
				ED2A6D031F6036D3003CD6CE /* ConfigurationViewController.h */,
				ED2A6D041F6036D3003CD6CE /* ConfigurationViewController.m */,
			);
			name = Configuration;
			sourceTree = "<group>";
		};
		ED2A6D071F603D0F003CD6CE /* Class Extensions */ = {
			isa = PBXGroup;
			children = (
				ED2A6D081F603D18003CD6CE /* NSClipView+Flipped.h */,
				ED2A6D091F603D18003CD6CE /* NSClipView+Flipped.m */,
				29E98452239531C00033E63C /* NSObject+Bindings.h */,
				29E98453239531C00033E63C /* NSObject+Bindings.mm */,
			);
			name = "Class Extensions";
			sourceTree = "<group>";
		};
		ED2A6D0D1F616C1A003CD6CE /* Export Accessory View Controller */ = {
			isa = PBXGroup;
			children = (
				ED2A6D0E1F616C43003CD6CE /* ExportAccessoryViewController.h */,
				ED2A6D0F1F616C43003CD6CE /* ExportAccessoryViewController.m */,
			);
			name = "Export Accessory View Controller";
			sourceTree = "<group>";
		};
		ED913F8C1F30759300316E1A = {
			isa = PBXGroup;
			children = (
				271CB8E52399653C00A63D0B /* ORSSerialPort.xcodeproj */,
				ED913F971F30759300316E1A /* SpectREM */,
				2968890021E3B98900BFC3BD /* SpectREMiOS */,
				ED913F961F30759300316E1A /* Products */,
				17B5DB9B1F5B1CCE003E7EF3 /* Frameworks */,
			);
			sourceTree = "<group>";
		};
		ED913F961F30759300316E1A /* Products */ = {
			isa = PBXGroup;
			children = (
				ED913F951F30759300316E1A /* SpectREM.app */,
				296888FF21E3B98800BFC3BD /* SpectREMiOS.app */,
			);
			name = Products;
			sourceTree = "<group>";
		};
		ED913F971F30759300316E1A /* SpectREM */ = {
			isa = PBXGroup;
			children = (
				2934D92523B6346600A9BAA6 /* Externals */,
				29CE03BD22A7BD64007A1549 /* SpectREM.entitlements */,
				ED913FB41F30762600316E1A /* App Delegate */,
				EDC56FD71F6C226E00162739 /* Defaults */,
				EDEDE71D1F7556BD00DAC9AE /* User Interface */,
				17B5DB921F5B146C003E7EF3 /* Audio Core */,
				29E98462239535F60033E63C /* SmartLink */,
				ED2A6D071F603D0F003CD6CE /* Class Extensions */,
				ED913FB61F30764800316E1A /* Resources */,
				ED913F9B1F30759300316E1A /* Supporting Files */,
			);
			path = SpectREM;
			sourceTree = "<group>";
		};
		ED913F9B1F30759300316E1A /* Supporting Files */ = {
			isa = PBXGroup;
			children = (
				ED913F9C1F30759300316E1A /* main.m */,
			);
			name = "Supporting Files";
			sourceTree = "<group>";
		};
		ED913FB31F30761B00316E1A /* StoryBoard */ = {
			isa = PBXGroup;
			children = (
				ED913FAA1F30759300316E1A /* Main.storyboard */,
			);
			name = StoryBoard;
			sourceTree = "<group>";
		};
		ED913FB41F30762600316E1A /* App Delegate */ = {
			isa = PBXGroup;
			children = (
				ED913F981F30759300316E1A /* AppDelegate.h */,
				ED913F991F30759300316E1A /* AppDelegate.m */,
			);
			name = "App Delegate";
			sourceTree = "<group>";
		};
		ED913FB51F30763500316E1A /* View Controllers */ = {
			isa = PBXGroup;
			children = (
				ED913FB81F30767A00316E1A /* Emulation */,
				ED2A6D061F6036D8003CD6CE /* Configuration */,
				27C5AE442146F0A5008DBD54 /* Info Panel View Controller */,
				ED2A6D0D1F616C1A003CD6CE /* Export Accessory View Controller */,
				27C5DBA21FFBFFD40064C661 /* Debug View Controller */,
			);
			name = "View Controllers";
			sourceTree = "<group>";
		};
		ED913FB61F30764800316E1A /* Resources */ = {
			isa = PBXGroup;
			children = (
				EDD9ADEC1F59C111004DD728 /* Credits.rtf */,
				ED913FA81F30759300316E1A /* Assets.xcassets */,
				ED913FAD1F30759300316E1A /* Info.plist */,
				276E3F9F1F9FA01000020BB3 /* reflection.png */,
				27BAE9A420F4CB68007A8CFB /* Commands.rtf */,
			);
			name = Resources;
			sourceTree = "<group>";
		};
		ED913FB81F30767A00316E1A /* Emulation */ = {
			isa = PBXGroup;
			children = (
				276ADE3121021B1700EC7DC9 /* Metal */,
				296888FA21E3B35300BFC3BD /* SharedConstants.h */,
				296888F921E3898F00BFC3BD /* EmulationProtocol.h */,
				ED913FA51F30759300316E1A /* EmulationViewController.h */,
				ED913FA61F30759300316E1A /* EmulationViewController.mm */,
			);
			name = Emulation;
			sourceTree = "<group>";
		};
		EDB7F7F91F5ED3D7003053E3 /* Window Controllers */ = {
			isa = PBXGroup;
			children = (
				17C33DFB1F657CDB00720A06 /* Main Window */,
				17C33DF71F65788F00720A06 /* Tape Browser */,
			);
			name = "Window Controllers";
			sourceTree = "<group>";
		};
		EDC56FD71F6C226E00162739 /* Defaults */ = {
			isa = PBXGroup;
			children = (
				EDC56FD81F6C228700162739 /* Defaults.h */,
				EDC56FD91F6C228700162739 /* Defaults.m */,
			);
			name = Defaults;
			sourceTree = "<group>";
		};
		EDEDE71D1F7556BD00DAC9AE /* User Interface */ = {
			isa = PBXGroup;
			children = (
				ED913FB31F30761B00316E1A /* StoryBoard */,
				EDB7F7F91F5ED3D7003053E3 /* Window Controllers */,
				ED913FB51F30763500316E1A /* View Controllers */,
			);
			name = "User Interface";
			path = SpectREM;
			sourceTree = SOURCE_ROOT;
		};
/* End PBXGroup section */

/* Begin PBXNativeTarget section */
		296888FE21E3B98800BFC3BD /* SpectREMiOS */ = {
			isa = PBXNativeTarget;
			buildConfigurationList = 2968892E21E3B98B00BFC3BD /* Build configuration list for PBXNativeTarget "SpectREMiOS" */;
			buildPhases = (
				296888FB21E3B98800BFC3BD /* Sources */,
				296888FC21E3B98800BFC3BD /* Frameworks */,
				296888FD21E3B98800BFC3BD /* Resources */,
			);
			buildRules = (
			);
			dependencies = (
			);
			name = SpectREMiOS;
			productName = SpectREMiOS;
			productReference = 296888FF21E3B98800BFC3BD /* SpectREMiOS.app */;
			productType = "com.apple.product-type.application";
		};
		ED913F941F30759300316E1A /* SpectREM */ = {
			isa = PBXNativeTarget;
			buildConfigurationList = ED913FB01F30759300316E1A /* Build configuration list for PBXNativeTarget "SpectREM" */;
			buildPhases = (
				ED913F911F30759300316E1A /* Sources */,
				ED913F921F30759300316E1A /* Frameworks */,
				ED913F931F30759300316E1A /* Resources */,
			);
			buildRules = (
			);
			dependencies = (
				271CB8EF2399654D00A63D0B /* PBXTargetDependency */,
			);
			name = SpectREM;
			productName = SpectREM;
			productReference = ED913F951F30759300316E1A /* SpectREM.app */;
			productType = "com.apple.product-type.application";
		};
/* End PBXNativeTarget section */

/* Begin PBXProject section */
		ED913F8D1F30759300316E1A /* Project object */ = {
			isa = PBXProject;
			attributes = {
				CLASSPREFIX = "";
				LastUpgradeCheck = 1100;
				ORGANIZATIONNAME = "71Squared Ltd";
				TargetAttributes = {
					296888FE21E3B98800BFC3BD = {
						CreatedOnToolsVersion = 10.1;
						ProvisioningStyle = Automatic;
					};
					ED913F941F30759300316E1A = {
						CreatedOnToolsVersion = 8.3.3;
						ProvisioningStyle = Automatic;
						SystemCapabilities = {
							com.apple.Sandbox = {
								enabled = 1;
							};
						};
					};
				};
			};
			buildConfigurationList = ED913F901F30759300316E1A /* Build configuration list for PBXProject "SpectREM" */;
			compatibilityVersion = "Xcode 8.0";
			developmentRegion = en;
			hasScannedForEncodings = 0;
			knownRegions = (
				en,
				Base,
			);
			mainGroup = ED913F8C1F30759300316E1A;
			productRefGroup = ED913F961F30759300316E1A /* Products */;
			projectDirPath = "";
			projectReferences = (
				{
					ProductGroup = 271CB8E62399653C00A63D0B /* Products */;
					ProjectRef = 271CB8E52399653C00A63D0B /* ORSSerialPort.xcodeproj */;
				},
			);
			projectRoot = "";
			targets = (
				ED913F941F30759300316E1A /* SpectREM */,
				296888FE21E3B98800BFC3BD /* SpectREMiOS */,
			);
		};
/* End PBXProject section */

/* Begin PBXReferenceProxy section */
		271CB8EB2399653C00A63D0B /* ORSSerial.framework */ = {
			isa = PBXReferenceProxy;
			fileType = wrapper.framework;
			path = ORSSerial.framework;
			remoteRef = 271CB8EA2399653C00A63D0B /* PBXContainerItemProxy */;
			sourceTree = BUILT_PRODUCTS_DIR;
		};
		271CB8ED2399653C00A63D0B /* ORSSerialPort Tests.xctest */ = {
			isa = PBXReferenceProxy;
			fileType = wrapper.cfbundle;
			path = "ORSSerialPort Tests.xctest";
			remoteRef = 271CB8EC2399653C00A63D0B /* PBXContainerItemProxy */;
			sourceTree = BUILT_PRODUCTS_DIR;
		};
/* End PBXReferenceProxy section */

/* Begin PBXResourcesBuildPhase section */
		296888FD21E3B98800BFC3BD /* Resources */ = {
			isa = PBXResourcesBuildPhase;
			buildActionMask = 2147483647;
			files = (
				2934D95C23B6347600A9BAA6 /* plus2-0.ROM in Resources */,
				2934D96223B6347600A9BAA6 /* 48.ROM in Resources */,
				2968891421E3B98B00BFC3BD /* LaunchScreen.storyboard in Resources */,
				2968891121E3B98B00BFC3BD /* Assets.xcassets in Resources */,
				2934D98823B6347600A9BAA6 /* LICENSE in Resources */,
				2934D95A23B6347600A9BAA6 /* 128-0.ROM in Resources */,
				2934D95E23B6347600A9BAA6 /* plus2-1.ROM in Resources */,
				2934D95823B6347600A9BAA6 /* 128-1.ROM in Resources */,
				2934D96023B6347600A9BAA6 /* 128.rom in Resources */,
				2934D98A23B6347600A9BAA6 /* README.md in Resources */,
				2968890F21E3B98900BFC3BD /* Main.storyboard in Resources */,
			);
			runOnlyForDeploymentPostprocessing = 0;
		};
		ED913F931F30759300316E1A /* Resources */ = {
			isa = PBXResourcesBuildPhase;
			buildActionMask = 2147483647;
			files = (
				27BAE9A520F4CB68007A8CFB /* Commands.rtf in Resources */,
				2934D96123B6347600A9BAA6 /* 48.ROM in Resources */,
				EDD9ADED1F59C111004DD728 /* Credits.rtf in Resources */,
				2934D95B23B6347600A9BAA6 /* plus2-0.ROM in Resources */,
				2934D98923B6347600A9BAA6 /* README.md in Resources */,
				2934D95D23B6347600A9BAA6 /* plus2-1.ROM in Resources */,
				276E3FA01F9FA01100020BB3 /* reflection.png in Resources */,
				2934D98723B6347600A9BAA6 /* LICENSE in Resources */,
				ED913FA91F30759300316E1A /* Assets.xcassets in Resources */,
				2934D95723B6347600A9BAA6 /* 128-1.ROM in Resources */,
				2934D95923B6347600A9BAA6 /* 128-0.ROM in Resources */,
				2934D95F23B6347600A9BAA6 /* 128.rom in Resources */,
				ED913FAC1F30759300316E1A /* Main.storyboard in Resources */,
			);
			runOnlyForDeploymentPostprocessing = 0;
		};
/* End PBXResourcesBuildPhase section */

/* Begin PBXSourcesBuildPhase section */
		296888FB21E3B98800BFC3BD /* Sources */ = {
			isa = PBXSourcesBuildPhase;
			buildActionMask = 2147483647;
			files = (
				29555C1C21EA30B2004BC007 /* Display.metal in Sources */,
				2934D97223B6347600A9BAA6 /* FloatingBus.cpp in Sources */,
				2934D98023B6347600A9BAA6 /* ZXSpectrum48.cpp in Sources */,
				2934D98423B6347600A9BAA6 /* Tape.cpp in Sources */,
				2934D98223B6347600A9BAA6 /* Debug.cpp in Sources */,
				2934D97023B6347600A9BAA6 /* Z80Core_DDCB_FDCBOpcodes.cpp in Sources */,
				2934D96823B6347600A9BAA6 /* Z80Core_FDOpcodes.cpp in Sources */,
				2934D96A23B6347600A9BAA6 /* Z80Core_CBOpcodes.cpp in Sources */,
				2968891721E3B98B00BFC3BD /* main.m in Sources */,
				29555BEF21E3C36D004BC007 /* AudioQueue.cpp in Sources */,
				2934D96C23B6347600A9BAA6 /* Z80Core_DDOpcodes.cpp in Sources */,
				2934D97823B6347600A9BAA6 /* Display.cpp in Sources */,
				2968890921E3B98900BFC3BD /* EmulationViewControlleriOS.mm in Sources */,
				2968890321E3B98900BFC3BD /* AppDelegate.m in Sources */,
				29555C1B21EA30AC004BC007 /* MetalRenderer.m in Sources */,
				2934D97623B6347600A9BAA6 /* ZXSpectrum.cpp in Sources */,
				2934D96423B6347600A9BAA6 /* Z80Core_EDOpcodes.cpp in Sources */,
				2934D98623B6347600A9BAA6 /* ZXSpectrum128.cpp in Sources */,
				2934D97E23B6347600A9BAA6 /* Keyboard.cpp in Sources */,
				2934D97423B6347600A9BAA6 /* Audio.cpp in Sources */,
				2934D96623B6347600A9BAA6 /* Z80Core.cpp in Sources */,
				2934D97C23B6347600A9BAA6 /* Contention.cpp in Sources */,
				2934D97A23B6347600A9BAA6 /* Snapshot.cpp in Sources */,
				29555C0921E523FA004BC007 /* AudioCore.mm in Sources */,
				2934D96E23B6347600A9BAA6 /* Z80Core_MainOpcodes.cpp in Sources */,
			);
			runOnlyForDeploymentPostprocessing = 0;
		};
		ED913F911F30759300316E1A /* Sources */ = {
			isa = PBXSourcesBuildPhase;
			buildActionMask = 2147483647;
			files = (
				276ADE3421021B5100EC7DC9 /* MetalView.m in Sources */,
				17B27F041F6877C800B811FC /* AudioQueue.cpp in Sources */,
				2934D97523B6347600A9BAA6 /* ZXSpectrum.cpp in Sources */,
				2934D96923B6347600A9BAA6 /* Z80Core_CBOpcodes.cpp in Sources */,
				17B5DB971F5B14A7003E7EF3 /* AudioCore.mm in Sources */,
				2934D98123B6347600A9BAA6 /* Debug.cpp in Sources */,
				ED2A6D101F616C43003CD6CE /* ExportAccessoryViewController.m in Sources */,
				2934D98323B6347600A9BAA6 /* Tape.cpp in Sources */,
				2934D98523B6347600A9BAA6 /* ZXSpectrum128.cpp in Sources */,
				2934D97D23B6347600A9BAA6 /* Keyboard.cpp in Sources */,
				ED913F9D1F30759300316E1A /* main.m in Sources */,
				EDC56FDA1F6C228700162739 /* Defaults.m in Sources */,
				27BE4031239E60A7006204BA /* SmartLink.mm in Sources */,
				276ADE2F21021A2200EC7DC9 /* MetalRenderer.m in Sources */,
				27C5DBA51FFC000A0064C661 /* DebugViewController.mm in Sources */,
				2934D96523B6347600A9BAA6 /* Z80Core.cpp in Sources */,
				17C33DFE1F6583A400720A06 /* TapeCellView.m in Sources */,
				2934D97923B6347600A9BAA6 /* Snapshot.cpp in Sources */,
				2934D96D23B6347600A9BAA6 /* Z80Core_MainOpcodes.cpp in Sources */,
				2934D96F23B6347600A9BAA6 /* Z80Core_DDCB_FDCBOpcodes.cpp in Sources */,
				2934D96323B6347600A9BAA6 /* Z80Core_EDOpcodes.cpp in Sources */,
				27C5AE472146F0D3008DBD54 /* InfoPanelViewController.m in Sources */,
				29E98454239531C00033E63C /* NSObject+Bindings.mm in Sources */,
				ED2A6D0A1F603D18003CD6CE /* NSClipView+Flipped.m in Sources */,
				27BAE9A820F4CE9C007A8CFB /* InstructionViewController.m in Sources */,
				2934D97B23B6347600A9BAA6 /* Contention.cpp in Sources */,
				ED913FA71F30759300316E1A /* EmulationViewController.mm in Sources */,
				2934D97323B6347600A9BAA6 /* Audio.cpp in Sources */,
				276ADE292101CAA900EC7DC9 /* Display.metal in Sources */,
				2934D97723B6347600A9BAA6 /* Display.cpp in Sources */,
				ED913F9A1F30759300316E1A /* AppDelegate.m in Sources */,
				EDB7F7FC1F5ED3EF003053E3 /* EmulationWindowController.m in Sources */,
				ED2A6D051F6036D3003CD6CE /* ConfigurationViewController.m in Sources */,
				2934D97F23B6347600A9BAA6 /* ZXSpectrum48.cpp in Sources */,
				2934D96B23B6347600A9BAA6 /* Z80Core_DDOpcodes.cpp in Sources */,
				17C33DFA1F6578E600720A06 /* TapeBrowserViewController.m in Sources */,
				2934D97123B6347600A9BAA6 /* FloatingBus.cpp in Sources */,
				2934D96723B6347600A9BAA6 /* Z80Core_FDOpcodes.cpp in Sources */,
			);
			runOnlyForDeploymentPostprocessing = 0;
		};
/* End PBXSourcesBuildPhase section */

/* Begin PBXTargetDependency section */
		271CB8EF2399654D00A63D0B /* PBXTargetDependency */ = {
			isa = PBXTargetDependency;
			name = ORSSerial;
			targetProxy = 271CB8EE2399654D00A63D0B /* PBXContainerItemProxy */;
		};
/* End PBXTargetDependency section */

/* Begin PBXVariantGroup section */
		2968890D21E3B98900BFC3BD /* Main.storyboard */ = {
			isa = PBXVariantGroup;
			children = (
				2968890E21E3B98900BFC3BD /* Base */,
			);
			name = Main.storyboard;
			sourceTree = "<group>";
		};
		2968891221E3B98B00BFC3BD /* LaunchScreen.storyboard */ = {
			isa = PBXVariantGroup;
			children = (
				2968891321E3B98B00BFC3BD /* Base */,
			);
			name = LaunchScreen.storyboard;
			sourceTree = "<group>";
		};
		ED913FAA1F30759300316E1A /* Main.storyboard */ = {
			isa = PBXVariantGroup;
			children = (
				ED913FAB1F30759300316E1A /* Base */,
			);
			name = Main.storyboard;
			sourceTree = "<group>";
		};
/* End PBXVariantGroup section */

/* Begin XCBuildConfiguration section */
		2968892F21E3B98B00BFC3BD /* Debug */ = {
			isa = XCBuildConfiguration;
			buildSettings = {
				ASSETCATALOG_COMPILER_APPICON_NAME = AppIcon;
				CLANG_CXX_LANGUAGE_STANDARD = "gnu++0x";
				CLANG_CXX_LIBRARY = "libc++";
				CLANG_ENABLE_OBJC_WEAK = YES;
				CLANG_WARN_OBJC_IMPLICIT_RETAIN_SELF = YES;
				CLANG_WARN_UNGUARDED_AVAILABILITY = YES_AGGRESSIVE;
				CODE_SIGN_IDENTITY = "iPhone Developer";
				CODE_SIGN_STYLE = Automatic;
				DEVELOPMENT_TEAM = PJNBHRUE79;
				GCC_C_LANGUAGE_STANDARD = gnu99;
				INFOPLIST_FILE = SpectREMiOS/Info.plist;
				IPHONEOS_DEPLOYMENT_TARGET = 10.0;
				LD_RUNPATH_SEARCH_PATHS = "$(inherited) @executable_path/Frameworks";
				MTL_ENABLE_DEBUG_INFO = INCLUDE_SOURCE;
				MTL_FAST_MATH = YES;
				OTHER_LDFLAGS = "-v";
				PRODUCT_BUNDLE_IDENTIFIER = com.daley.SpectREMiOS;
				PRODUCT_NAME = "$(TARGET_NAME)";
				SDKROOT = iphoneos;
				TARGETED_DEVICE_FAMILY = "1,2";
			};
			name = Debug;
		};
		2968893021E3B98B00BFC3BD /* Release */ = {
			isa = XCBuildConfiguration;
			buildSettings = {
				ASSETCATALOG_COMPILER_APPICON_NAME = AppIcon;
				CLANG_CXX_LANGUAGE_STANDARD = "gnu++0x";
				CLANG_CXX_LIBRARY = "libc++";
				CLANG_ENABLE_OBJC_WEAK = YES;
				CLANG_WARN_OBJC_IMPLICIT_RETAIN_SELF = YES;
				CLANG_WARN_UNGUARDED_AVAILABILITY = YES_AGGRESSIVE;
				CODE_SIGN_IDENTITY = "iPhone Developer";
				CODE_SIGN_STYLE = Automatic;
				DEVELOPMENT_TEAM = PJNBHRUE79;
				GCC_C_LANGUAGE_STANDARD = gnu99;
				INFOPLIST_FILE = SpectREMiOS/Info.plist;
				IPHONEOS_DEPLOYMENT_TARGET = 10.0;
				LD_RUNPATH_SEARCH_PATHS = "$(inherited) @executable_path/Frameworks";
				MTL_FAST_MATH = YES;
				PRODUCT_BUNDLE_IDENTIFIER = com.daley.SpectREMiOS;
				PRODUCT_NAME = "$(TARGET_NAME)";
				SDKROOT = iphoneos;
				TARGETED_DEVICE_FAMILY = "1,2";
				VALIDATE_PRODUCT = YES;
			};
			name = Release;
		};
		ED913FAE1F30759300316E1A /* Debug */ = {
			isa = XCBuildConfiguration;
			buildSettings = {
				ALWAYS_SEARCH_USER_PATHS = NO;
				CLANG_ANALYZER_LOCALIZABILITY_NONLOCALIZED = YES;
				CLANG_ANALYZER_NONNULL = YES;
				CLANG_ANALYZER_NUMBER_OBJECT_CONVERSION = YES_AGGRESSIVE;
				CLANG_CXX_LANGUAGE_STANDARD = "gnu++0x";
				CLANG_CXX_LIBRARY = "libc++";
				CLANG_ENABLE_MODULES = YES;
				CLANG_ENABLE_OBJC_ARC = YES;
				CLANG_WARN_BLOCK_CAPTURE_AUTORELEASING = YES;
				CLANG_WARN_BOOL_CONVERSION = YES;
				CLANG_WARN_COMMA = YES;
				CLANG_WARN_CONSTANT_CONVERSION = YES;
				CLANG_WARN_DEPRECATED_OBJC_IMPLEMENTATIONS = YES;
				CLANG_WARN_DIRECT_OBJC_ISA_USAGE = YES_ERROR;
				CLANG_WARN_DOCUMENTATION_COMMENTS = YES;
				CLANG_WARN_EMPTY_BODY = YES;
				CLANG_WARN_ENUM_CONVERSION = YES;
				CLANG_WARN_INFINITE_RECURSION = YES;
				CLANG_WARN_INT_CONVERSION = YES;
				CLANG_WARN_NON_LITERAL_NULL_CONVERSION = YES;
				CLANG_WARN_OBJC_IMPLICIT_RETAIN_SELF = NO;
				CLANG_WARN_OBJC_LITERAL_CONVERSION = YES;
				CLANG_WARN_OBJC_ROOT_CLASS = YES_ERROR;
				CLANG_WARN_RANGE_LOOP_ANALYSIS = YES;
				CLANG_WARN_STRICT_PROTOTYPES = YES;
				CLANG_WARN_SUSPICIOUS_MOVE = YES;
				CLANG_WARN_UNREACHABLE_CODE = YES;
				CLANG_WARN__DUPLICATE_METHOD_MATCH = YES;
				CODE_SIGN_IDENTITY = "-";
				COPY_PHASE_STRIP = NO;
				DEBUG_INFORMATION_FORMAT = dwarf;
				ENABLE_STRICT_OBJC_MSGSEND = YES;
				ENABLE_TESTABILITY = YES;
				GCC_C_LANGUAGE_STANDARD = gnu99;
				GCC_DYNAMIC_NO_PIC = NO;
				GCC_NO_COMMON_BLOCKS = YES;
				GCC_OPTIMIZATION_LEVEL = 0;
				GCC_PREPROCESSOR_DEFINITIONS = (
					"DEBUG=1",
					"$(inherited)",
				);
				GCC_WARN_64_TO_32_BIT_CONVERSION = YES;
				GCC_WARN_ABOUT_RETURN_TYPE = YES_ERROR;
				GCC_WARN_UNDECLARED_SELECTOR = YES;
				GCC_WARN_UNINITIALIZED_AUTOS = YES_AGGRESSIVE;
				GCC_WARN_UNUSED_FUNCTION = YES;
				GCC_WARN_UNUSED_VARIABLE = YES;
				MACOSX_DEPLOYMENT_TARGET = 10.13;
				MTL_ENABLE_DEBUG_INFO = YES;
				ONLY_ACTIVE_ARCH = YES;
				SDKROOT = macosx;
			};
			name = Debug;
		};
		ED913FAF1F30759300316E1A /* Release */ = {
			isa = XCBuildConfiguration;
			buildSettings = {
				ALWAYS_SEARCH_USER_PATHS = NO;
				CLANG_ANALYZER_LOCALIZABILITY_NONLOCALIZED = YES;
				CLANG_ANALYZER_NONNULL = YES;
				CLANG_ANALYZER_NUMBER_OBJECT_CONVERSION = YES_AGGRESSIVE;
				CLANG_CXX_LANGUAGE_STANDARD = "gnu++0x";
				CLANG_CXX_LIBRARY = "libc++";
				CLANG_ENABLE_MODULES = YES;
				CLANG_ENABLE_OBJC_ARC = YES;
				CLANG_WARN_BLOCK_CAPTURE_AUTORELEASING = YES;
				CLANG_WARN_BOOL_CONVERSION = YES;
				CLANG_WARN_COMMA = YES;
				CLANG_WARN_CONSTANT_CONVERSION = YES;
				CLANG_WARN_DEPRECATED_OBJC_IMPLEMENTATIONS = YES;
				CLANG_WARN_DIRECT_OBJC_ISA_USAGE = YES_ERROR;
				CLANG_WARN_DOCUMENTATION_COMMENTS = YES;
				CLANG_WARN_EMPTY_BODY = YES;
				CLANG_WARN_ENUM_CONVERSION = YES;
				CLANG_WARN_INFINITE_RECURSION = YES;
				CLANG_WARN_INT_CONVERSION = YES;
				CLANG_WARN_NON_LITERAL_NULL_CONVERSION = YES;
				CLANG_WARN_OBJC_IMPLICIT_RETAIN_SELF = NO;
				CLANG_WARN_OBJC_LITERAL_CONVERSION = YES;
				CLANG_WARN_OBJC_ROOT_CLASS = YES_ERROR;
				CLANG_WARN_RANGE_LOOP_ANALYSIS = YES;
				CLANG_WARN_STRICT_PROTOTYPES = YES;
				CLANG_WARN_SUSPICIOUS_MOVE = YES;
				CLANG_WARN_UNREACHABLE_CODE = YES;
				CLANG_WARN__DUPLICATE_METHOD_MATCH = YES;
				CODE_SIGN_IDENTITY = "-";
				COPY_PHASE_STRIP = NO;
				DEBUG_INFORMATION_FORMAT = "dwarf-with-dsym";
				ENABLE_NS_ASSERTIONS = NO;
				ENABLE_STRICT_OBJC_MSGSEND = YES;
				GCC_C_LANGUAGE_STANDARD = gnu99;
				GCC_NO_COMMON_BLOCKS = YES;
				GCC_WARN_64_TO_32_BIT_CONVERSION = YES;
				GCC_WARN_ABOUT_RETURN_TYPE = YES_ERROR;
				GCC_WARN_UNDECLARED_SELECTOR = YES;
				GCC_WARN_UNINITIALIZED_AUTOS = YES_AGGRESSIVE;
				GCC_WARN_UNUSED_FUNCTION = YES;
				GCC_WARN_UNUSED_VARIABLE = YES;
				MACOSX_DEPLOYMENT_TARGET = 10.13;
				MTL_ENABLE_DEBUG_INFO = NO;
				"OTHER_LDFLAGS[arch=*]" = "";
				SDKROOT = macosx;
			};
			name = Release;
		};
		ED913FB11F30759300316E1A /* Debug */ = {
			isa = XCBuildConfiguration;
			buildSettings = {
				ASSETCATALOG_COMPILER_APPICON_NAME = AppIcon;
				CLANG_ADDRESS_SANITIZER_CONTAINER_OVERFLOW = YES;
				CLANG_UNDEFINED_BEHAVIOR_SANITIZER_INTEGER = YES;
				CLANG_WARN_COMMA = YES;
				CLANG_WARN_CXX0X_EXTENSIONS = YES;
				CLANG_WARN_IMPLICIT_SIGN_CONVERSION = NO;
				CLANG_WARN__EXIT_TIME_DESTRUCTORS = YES;
				CODE_SIGN_ENTITLEMENTS = SpectREM/SpectREM.entitlements;
				CODE_SIGN_IDENTITY = "Apple Development";
				CODE_SIGN_STYLE = Automatic;
				COMBINE_HIDPI_IMAGES = YES;
				DEVELOPMENT_TEAM = PJNBHRUE79;
				ENABLE_HARDENED_RUNTIME = YES;
				GCC_TREAT_WARNINGS_AS_ERRORS = YES;
				GCC_UNROLL_LOOPS = YES;
				GCC_WARN_HIDDEN_VIRTUAL_FUNCTIONS = YES;
				GCC_WARN_NON_VIRTUAL_DESTRUCTOR = YES;
				GCC_WARN_PEDANTIC = NO;
				GCC_WARN_UNUSED_LABEL = YES;
				GCC_WARN_UNUSED_PARAMETER = NO;
				INFOPLIST_FILE = SpectREM/Info.plist;
				LD_RUNPATH_SEARCH_PATHS = "$(inherited) @executable_path/../Frameworks";
				MACOSX_DEPLOYMENT_TARGET = 10.14;
				PRODUCT_BUNDLE_IDENTIFIER = com.daley.SpectREM;
				PRODUCT_NAME = "$(TARGET_NAME)";
				PROVISIONING_PROFILE_SPECIFIER = "";
			};
			name = Debug;
		};
		ED913FB21F30759300316E1A /* Release */ = {
			isa = XCBuildConfiguration;
			buildSettings = {
				ASSETCATALOG_COMPILER_APPICON_NAME = AppIcon;
				CLANG_ADDRESS_SANITIZER_CONTAINER_OVERFLOW = YES;
				CLANG_UNDEFINED_BEHAVIOR_SANITIZER_INTEGER = YES;
				CLANG_WARN_COMMA = YES;
				CLANG_WARN_CXX0X_EXTENSIONS = YES;
				CLANG_WARN_IMPLICIT_SIGN_CONVERSION = NO;
				CLANG_WARN__EXIT_TIME_DESTRUCTORS = YES;
				CODE_SIGN_ENTITLEMENTS = SpectREM/SpectREM.entitlements;
				CODE_SIGN_IDENTITY = "Apple Development";
				CODE_SIGN_STYLE = Automatic;
				COMBINE_HIDPI_IMAGES = YES;
				DEVELOPMENT_TEAM = PJNBHRUE79;
				ENABLE_HARDENED_RUNTIME = YES;
				GCC_OPTIMIZATION_LEVEL = fast;
				GCC_TREAT_WARNINGS_AS_ERRORS = YES;
				GCC_UNROLL_LOOPS = YES;
				GCC_WARN_HIDDEN_VIRTUAL_FUNCTIONS = YES;
				GCC_WARN_NON_VIRTUAL_DESTRUCTOR = YES;
				GCC_WARN_PEDANTIC = NO;
				GCC_WARN_UNUSED_LABEL = YES;
				GCC_WARN_UNUSED_PARAMETER = NO;
				INFOPLIST_FILE = SpectREM/Info.plist;
				LD_RUNPATH_SEARCH_PATHS = "$(inherited) @executable_path/../Frameworks";
				MACOSX_DEPLOYMENT_TARGET = 10.14;
				PRODUCT_BUNDLE_IDENTIFIER = com.daley.SpectREM;
				PRODUCT_NAME = "$(TARGET_NAME)";
				PROVISIONING_PROFILE_SPECIFIER = "";
			};
			name = Release;
		};
/* End XCBuildConfiguration section */

/* Begin XCConfigurationList section */
		2968892E21E3B98B00BFC3BD /* Build configuration list for PBXNativeTarget "SpectREMiOS" */ = {
			isa = XCConfigurationList;
			buildConfigurations = (
				2968892F21E3B98B00BFC3BD /* Debug */,
				2968893021E3B98B00BFC3BD /* Release */,
			);
			defaultConfigurationIsVisible = 0;
			defaultConfigurationName = Release;
		};
		ED913F901F30759300316E1A /* Build configuration list for PBXProject "SpectREM" */ = {
			isa = XCConfigurationList;
			buildConfigurations = (
				ED913FAE1F30759300316E1A /* Debug */,
				ED913FAF1F30759300316E1A /* Release */,
			);
			defaultConfigurationIsVisible = 0;
			defaultConfigurationName = Release;
		};
		ED913FB01F30759300316E1A /* Build configuration list for PBXNativeTarget "SpectREM" */ = {
			isa = XCConfigurationList;
			buildConfigurations = (
				ED913FB11F30759300316E1A /* Debug */,
				ED913FB21F30759300316E1A /* Release */,
			);
			defaultConfigurationIsVisible = 0;
			defaultConfigurationName = Release;
		};
/* End XCConfigurationList section */
	};
	rootObject = ED913F8D1F30759300316E1A /* Project object */;
}
