// !$*UTF8*$!
{
	archiveVersion = 1;
	classes = {
	};
	objectVersion = 46;
	objects = {

/* Begin PBXBuildFile section */
		1766AC3D1F2DF98500283639 /* AppDelegate.m in Sources */ = {isa = PBXBuildFile; fileRef = 1766AC3C1F2DF98500283639 /* AppDelegate.m */; };
		1766AC401F2DF98500283639 /* main.m in Sources */ = {isa = PBXBuildFile; fileRef = 1766AC3F1F2DF98500283639 /* main.m */; };
		1766AC431F2DF98500283639 /* ViewContmroller.mm in Sources */ = {isa = PBXBuildFile; fileRef = 1766AC421F2DF98500283639 /* ViewContmroller.mm */; };
		1766AC451F2DF98500283639 /* Assets.xcassets in Resources */ = {isa = PBXBuildFile; fileRef = 1766AC441F2DF98500283639 /* Assets.xcassets */; };
		1766AC481F2DF98500283639 /* Main.storyboard in Resources */ = {isa = PBXBuildFile; fileRef = 1766AC461F2DF98500283639 /* Main.storyboard */; };
		1766AD131F2DF9DD00283639 /* Z80Core.cpp in Sources */ = {isa = PBXBuildFile; fileRef = 1766AD051F2DF9DD00283639 /* Z80Core.cpp */; };
		1766AD141F2DF9DD00283639 /* Z80Core_MainOpcodes.cpp in Sources */ = {isa = PBXBuildFile; fileRef = 1766AD081F2DF9DD00283639 /* Z80Core_MainOpcodes.cpp */; };
		1766AD151F2DF9DD00283639 /* Z80Core_CBOpcodes.cpp in Sources */ = {isa = PBXBuildFile; fileRef = 1766AD0A1F2DF9DD00283639 /* Z80Core_CBOpcodes.cpp */; };
		1766AD161F2DF9DD00283639 /* Z80Core_EDOpcodes.cpp in Sources */ = {isa = PBXBuildFile; fileRef = 1766AD0C1F2DF9DD00283639 /* Z80Core_EDOpcodes.cpp */; };
		1766AD171F2DF9DD00283639 /* Z80Core_DDOpcodes.cpp in Sources */ = {isa = PBXBuildFile; fileRef = 1766AD0E1F2DF9DD00283639 /* Z80Core_DDOpcodes.cpp */; };
		1766AD181F2DF9DD00283639 /* Z80Core_FDOpcodes.cpp in Sources */ = {isa = PBXBuildFile; fileRef = 1766AD101F2DF9DD00283639 /* Z80Core_FDOpcodes.cpp */; };
		1766AD191F2DF9DD00283639 /* Z80Core_DDCB_FDCBOpcodes.cpp in Sources */ = {isa = PBXBuildFile; fileRef = 1766AD121F2DF9DD00283639 /* Z80Core_DDCB_FDCBOpcodes.cpp */; };
		1766AD1D1F2DFC2000283639 /* ZXSpectrum48.cpp in Sources */ = {isa = PBXBuildFile; fileRef = 1766AD1B1F2DFC2000283639 /* ZXSpectrum48.cpp */; };
		17FADA201F2F630700A84663 /* 48.ROM in Resources */ = {isa = PBXBuildFile; fileRef = 17FADA1F1F2F630700A84663 /* 48.ROM */; };
/* End PBXBuildFile section */

/* Begin PBXFileReference section */
		1766AC381F2DF98500283639 /* z80test.app */ = {isa = PBXFileReference; explicitFileType = wrapper.application; includeInIndex = 0; path = z80test.app; sourceTree = BUILT_PRODUCTS_DIR; };
		1766AC3B1F2DF98500283639 /* AppDelegate.h */ = {isa = PBXFileReference; lastKnownFileType = sourcecode.c.h; path = AppDelegate.h; sourceTree = "<group>"; };
		1766AC3C1F2DF98500283639 /* AppDelegate.m */ = {isa = PBXFileReference; lastKnownFileType = sourcecode.c.objc; path = AppDelegate.m; sourceTree = "<group>"; };
		1766AC3F1F2DF98500283639 /* main.m */ = {isa = PBXFileReference; lastKnownFileType = sourcecode.c.objc; path = main.m; sourceTree = "<group>"; };
		1766AC411F2DF98500283639 /* ViewController.h */ = {isa = PBXFileReference; lastKnownFileType = sourcecode.c.h; path = ViewController.h; sourceTree = "<group>"; };
		1766AC421F2DF98500283639 /* ViewContmroller.mm */ = {isa = PBXFileReference; lastKnownFileType = sourcecode.cpp.objcpp; path = ViewContmroller.mm; sourceTree = "<group>"; };
		1766AC441F2DF98500283639 /* Assets.xcassets */ = {isa = PBXFileReference; lastKnownFileType = folder.assetcatalog; path = Assets.xcassets; sourceTree = "<group>"; };
		1766AC471F2DF98500283639 /* Base */ = {isa = PBXFileReference; lastKnownFileType = file.storyboard; name = Base; path = Base.lproj/Main.storyboard; sourceTree = "<group>"; };
		1766AC491F2DF98500283639 /* Info.plist */ = {isa = PBXFileReference; lastKnownFileType = text.plist.xml; path = Info.plist; sourceTree = "<group>"; };
		1766AD041F2DF9DD00283639 /* Z80Core.h */ = {isa = PBXFileReference; fileEncoding = 4; lastKnownFileType = sourcecode.c.h; path = Z80Core.h; sourceTree = "<group>"; };
		1766AD051F2DF9DD00283639 /* Z80Core.cpp */ = {isa = PBXFileReference; fileEncoding = 4; lastKnownFileType = sourcecode.cpp.cpp; path = Z80Core.cpp; sourceTree = "<group>"; };
		1766AD061F2DF9DD00283639 /* Z80CoreOpcodeTables.h */ = {isa = PBXFileReference; fileEncoding = 4; lastKnownFileType = sourcecode.c.h; path = Z80CoreOpcodeTables.h; sourceTree = "<group>"; };
		1766AD071F2DF9DD00283639 /* Z80Core_MainOpcodes.h */ = {isa = PBXFileReference; fileEncoding = 4; lastKnownFileType = sourcecode.c.h; path = Z80Core_MainOpcodes.h; sourceTree = "<group>"; };
		1766AD081F2DF9DD00283639 /* Z80Core_MainOpcodes.cpp */ = {isa = PBXFileReference; fileEncoding = 4; lastKnownFileType = sourcecode.cpp.cpp; path = Z80Core_MainOpcodes.cpp; sourceTree = "<group>"; };
		1766AD091F2DF9DD00283639 /* Z80Core_CBOpcodes.h */ = {isa = PBXFileReference; fileEncoding = 4; lastKnownFileType = sourcecode.c.h; path = Z80Core_CBOpcodes.h; sourceTree = "<group>"; };
		1766AD0A1F2DF9DD00283639 /* Z80Core_CBOpcodes.cpp */ = {isa = PBXFileReference; fileEncoding = 4; lastKnownFileType = sourcecode.cpp.cpp; path = Z80Core_CBOpcodes.cpp; sourceTree = "<group>"; };
		1766AD0B1F2DF9DD00283639 /* Z80Core_EDOpcodes.h */ = {isa = PBXFileReference; fileEncoding = 4; lastKnownFileType = sourcecode.c.h; path = Z80Core_EDOpcodes.h; sourceTree = "<group>"; };
		1766AD0C1F2DF9DD00283639 /* Z80Core_EDOpcodes.cpp */ = {isa = PBXFileReference; fileEncoding = 4; lastKnownFileType = sourcecode.cpp.cpp; path = Z80Core_EDOpcodes.cpp; sourceTree = "<group>"; };
		1766AD0D1F2DF9DD00283639 /* Z80Core_DDOpcodes.h */ = {isa = PBXFileReference; fileEncoding = 4; lastKnownFileType = sourcecode.c.h; path = Z80Core_DDOpcodes.h; sourceTree = "<group>"; };
		1766AD0E1F2DF9DD00283639 /* Z80Core_DDOpcodes.cpp */ = {isa = PBXFileReference; fileEncoding = 4; lastKnownFileType = sourcecode.cpp.cpp; path = Z80Core_DDOpcodes.cpp; sourceTree = "<group>"; };
		1766AD0F1F2DF9DD00283639 /* Z80Core_FDOpcodes.h */ = {isa = PBXFileReference; fileEncoding = 4; lastKnownFileType = sourcecode.c.h; path = Z80Core_FDOpcodes.h; sourceTree = "<group>"; };
		1766AD101F2DF9DD00283639 /* Z80Core_FDOpcodes.cpp */ = {isa = PBXFileReference; fileEncoding = 4; lastKnownFileType = sourcecode.cpp.cpp; path = Z80Core_FDOpcodes.cpp; sourceTree = "<group>"; };
		1766AD111F2DF9DD00283639 /* Z80Core_DDCB_FDCBOpcodes.h */ = {isa = PBXFileReference; fileEncoding = 4; lastKnownFileType = sourcecode.c.h; path = Z80Core_DDCB_FDCBOpcodes.h; sourceTree = "<group>"; };
		1766AD121F2DF9DD00283639 /* Z80Core_DDCB_FDCBOpcodes.cpp */ = {isa = PBXFileReference; fileEncoding = 4; lastKnownFileType = sourcecode.cpp.cpp; path = Z80Core_DDCB_FDCBOpcodes.cpp; sourceTree = "<group>"; };
		1766AD1B1F2DFC2000283639 /* ZXSpectrum48.cpp */ = {isa = PBXFileReference; fileEncoding = 4; lastKnownFileType = sourcecode.cpp.cpp; path = ZXSpectrum48.cpp; sourceTree = "<group>"; };
		1766AD1C1F2DFC2000283639 /* ZXSpectrum48.hpp */ = {isa = PBXFileReference; fileEncoding = 4; lastKnownFileType = sourcecode.cpp.h; path = ZXSpectrum48.hpp; sourceTree = "<group>"; };
		17FADA1F1F2F630700A84663 /* 48.ROM */ = {isa = PBXFileReference; lastKnownFileType = file; path = 48.ROM; sourceTree = "<group>"; };
/* End PBXFileReference section */

/* Begin PBXFrameworksBuildPhase section */
		1766AC351F2DF98500283639 /* Frameworks */ = {
			isa = PBXFrameworksBuildPhase;
			buildActionMask = 2147483647;
			files = (
			);
			runOnlyForDeploymentPostprocessing = 0;
		};
/* End PBXFrameworksBuildPhase section */

/* Begin PBXGroup section */
		1766AC2F1F2DF98500283639 = {
			isa = PBXGroup;
			children = (
				1766AC3A1F2DF98500283639 /* z80test */,
				1766AC391F2DF98500283639 /* Products */,
			);
			sourceTree = "<group>";
		};
		1766AC391F2DF98500283639 /* Products */ = {
			isa = PBXGroup;
			children = (
				1766AC381F2DF98500283639 /* z80test.app */,
			);
			name = Products;
			sourceTree = "<group>";
		};
		1766AC3A1F2DF98500283639 /* z80test */ = {
			isa = PBXGroup;
			children = (
				17FADA1E1F2F62F800A84663 /* ROM */,
				1766AD1A1F2DFC0100283639 /* Machines */,
				1766AD031F2DF9D200283639 /* Z80 Core */,
				1766AC3B1F2DF98500283639 /* AppDelegate.h */,
				1766AC3C1F2DF98500283639 /* AppDelegate.m */,
				1766AC411F2DF98500283639 /* ViewController.h */,
				1766AC421F2DF98500283639 /* ViewContmroller.mm */,
				1766AC441F2DF98500283639 /* Assets.xcassets */,
				1766AC461F2DF98500283639 /* Main.storyboard */,
				1766AC491F2DF98500283639 /* Info.plist */,
				1766AC3E1F2DF98500283639 /* Supporting Files */,
			);
			name = z80test;
			path = ../../../mdaley/Desktop/z80test/z80test;
			sourceTree = "<group>";
		};
		1766AC3E1F2DF98500283639 /* Supporting Files */ = {
			isa = PBXGroup;
			children = (
				1766AC3F1F2DF98500283639 /* main.m */,
			);
			name = "Supporting Files";
			sourceTree = "<group>";
		};
		1766AD031F2DF9D200283639 /* Z80 Core */ = {
			isa = PBXGroup;
			children = (
				1766AD041F2DF9DD00283639 /* Z80Core.h */,
				1766AD051F2DF9DD00283639 /* Z80Core.cpp */,
				1766AD061F2DF9DD00283639 /* Z80CoreOpcodeTables.h */,
				1766AD071F2DF9DD00283639 /* Z80Core_MainOpcodes.h */,
				1766AD081F2DF9DD00283639 /* Z80Core_MainOpcodes.cpp */,
				1766AD091F2DF9DD00283639 /* Z80Core_CBOpcodes.h */,
				1766AD0A1F2DF9DD00283639 /* Z80Core_CBOpcodes.cpp */,
				1766AD0B1F2DF9DD00283639 /* Z80Core_EDOpcodes.h */,
				1766AD0C1F2DF9DD00283639 /* Z80Core_EDOpcodes.cpp */,
				1766AD0D1F2DF9DD00283639 /* Z80Core_DDOpcodes.h */,
				1766AD0E1F2DF9DD00283639 /* Z80Core_DDOpcodes.cpp */,
				1766AD0F1F2DF9DD00283639 /* Z80Core_FDOpcodes.h */,
				1766AD101F2DF9DD00283639 /* Z80Core_FDOpcodes.cpp */,
				1766AD111F2DF9DD00283639 /* Z80Core_DDCB_FDCBOpcodes.h */,
				1766AD121F2DF9DD00283639 /* Z80Core_DDCB_FDCBOpcodes.cpp */,
			);
			name = "Z80 Core";
			sourceTree = "<group>";
		};
		1766AD1A1F2DFC0100283639 /* Machines */ = {
			isa = PBXGroup;
			children = (
				1766AD1C1F2DFC2000283639 /* ZXSpectrum48.hpp */,
				1766AD1B1F2DFC2000283639 /* ZXSpectrum48.cpp */,
			);
			name = Machines;
			sourceTree = "<group>";
		};
		17FADA1E1F2F62F800A84663 /* ROM */ = {
			isa = PBXGroup;
			children = (
				17FADA1F1F2F630700A84663 /* 48.ROM */,
			);
			name = ROM;
			sourceTree = "<group>";
		};
/* End PBXGroup section */

/* Begin PBXNativeTarget section */
		1766AC371F2DF98500283639 /* z80test */ = {
			isa = PBXNativeTarget;
			buildConfigurationList = 1766AC4C1F2DF98500283639 /* Build configuration list for PBXNativeTarget "z80test" */;
			buildPhases = (
				1766AC341F2DF98500283639 /* Sources */,
				1766AC351F2DF98500283639 /* Frameworks */,
				1766AC361F2DF98500283639 /* Resources */,
			);
			buildRules = (
			);
			dependencies = (
			);
			name = z80test;
			productName = z80test;
			productReference = 1766AC381F2DF98500283639 /* z80test.app */;
			productType = "com.apple.product-type.application";
		};
/* End PBXNativeTarget section */

/* Begin PBXProject section */
		1766AC301F2DF98500283639 /* Project object */ = {
			isa = PBXProject;
			attributes = {
				LastUpgradeCheck = 0830;
				ORGANIZATIONNAME = "Mike Daley";
				TargetAttributes = {
					1766AC371F2DF98500283639 = {
						CreatedOnToolsVersion = 8.3.3;
						DevelopmentTeam = 3535P3U7VR;
						ProvisioningStyle = Automatic;
					};
				};
			};
			buildConfigurationList = 1766AC331F2DF98500283639 /* Build configuration list for PBXProject "z80test" */;
			compatibilityVersion = "Xcode 3.2";
			developmentRegion = English;
			hasScannedForEncodings = 0;
			knownRegions = (
				en,
				Base,
			);
			mainGroup = 1766AC2F1F2DF98500283639;
			productRefGroup = 1766AC391F2DF98500283639 /* Products */;
			projectDirPath = "";
			projectRoot = "";
			targets = (
				1766AC371F2DF98500283639 /* z80test */,
			);
		};
/* End PBXProject section */

/* Begin PBXResourcesBuildPhase section */
		1766AC361F2DF98500283639 /* Resources */ = {
			isa = PBXResourcesBuildPhase;
			buildActionMask = 2147483647;
			files = (
				1766AC451F2DF98500283639 /* Assets.xcassets in Resources */,
				17FADA201F2F630700A84663 /* 48.ROM in Resources */,
				1766AC481F2DF98500283639 /* Main.storyboard in Resources */,
			);
			runOnlyForDeploymentPostprocessing = 0;
		};
/* End PBXResourcesBuildPhase section */

/* Begin PBXSourcesBuildPhase section */
		1766AC341F2DF98500283639 /* Sources */ = {
			isa = PBXSourcesBuildPhase;
			buildActionMask = 2147483647;
			files = (
				1766AC431F2DF98500283639 /* ViewContmroller.mm in Sources */,
				1766AD141F2DF9DD00283639 /* Z80Core_MainOpcodes.cpp in Sources */,
				1766AD1D1F2DFC2000283639 /* ZXSpectrum48.cpp in Sources */,
				1766AD151F2DF9DD00283639 /* Z80Core_CBOpcodes.cpp in Sources */,
				1766AD181F2DF9DD00283639 /* Z80Core_FDOpcodes.cpp in Sources */,
				1766AD161F2DF9DD00283639 /* Z80Core_EDOpcodes.cpp in Sources */,
				1766AC401F2DF98500283639 /* main.m in Sources */,
				1766AD171F2DF9DD00283639 /* Z80Core_DDOpcodes.cpp in Sources */,
				1766AC3D1F2DF98500283639 /* AppDelegate.m in Sources */,
				1766AD131F2DF9DD00283639 /* Z80Core.cpp in Sources */,
				1766AD191F2DF9DD00283639 /* Z80Core_DDCB_FDCBOpcodes.cpp in Sources */,
			);
			runOnlyForDeploymentPostprocessing = 0;
		};
/* End PBXSourcesBuildPhase section */

/* Begin PBXVariantGroup section */
		1766AC461F2DF98500283639 /* Main.storyboard */ = {
			isa = PBXVariantGroup;
			children = (
				1766AC471F2DF98500283639 /* Base */,
			);
			name = Main.storyboard;
			sourceTree = "<group>";
		};
/* End PBXVariantGroup section */

/* Begin XCBuildConfiguration section */
		1766AC4A1F2DF98500283639 /* Debug */ = {
			isa = XCBuildConfiguration;
			buildSettings = {
				ALWAYS_SEARCH_USER_PATHS = NO;
				CLANG_ANALYZER_NONNULL = YES;
				CLANG_ANALYZER_NUMBER_OBJECT_CONVERSION = YES_AGGRESSIVE;
				CLANG_CXX_LANGUAGE_STANDARD = "gnu++0x";
				CLANG_CXX_LIBRARY = "libc++";
				CLANG_ENABLE_MODULES = YES;
				CLANG_ENABLE_OBJC_ARC = YES;
				CLANG_WARN_BOOL_CONVERSION = YES;
				CLANG_WARN_CONSTANT_CONVERSION = YES;
				CLANG_WARN_DIRECT_OBJC_ISA_USAGE = YES_ERROR;
				CLANG_WARN_DOCUMENTATION_COMMENTS = YES;
				CLANG_WARN_EMPTY_BODY = YES;
				CLANG_WARN_ENUM_CONVERSION = YES;
				CLANG_WARN_INFINITE_RECURSION = YES;
				CLANG_WARN_INT_CONVERSION = YES;
				CLANG_WARN_OBJC_ROOT_CLASS = YES_ERROR;
				CLANG_WARN_SUSPICIOUS_MOVE = YES;
				CLANG_WARN_UNREACHABLE_CODE = YES;
				CLANG_WARN__DUPLICATE_METHOD_MATCH = YES;
				CODE_SIGN_IDENTITY = "-";
				COPY_PHASE_STRIP = NO;
				DEBUG_INFORMATION_FORMAT = dwarf;
				ENABLE_STRICT_OBJC_MSGSEND = YES;
				ENABLE_TESTABILITY = YES;
				GCC_C_LANGUAGE_STANDARD = gnu99;
				GCC_DYNAMIC_NO_PIC = NO;
				GCC_NO_COMMON_BLOCKS = YES;
				GCC_OPTIMIZATION_LEVEL = 0;
				GCC_PREPROCESSOR_DEFINITIONS = (
					"DEBUG=1",
					"$(inherited)",
				);
				GCC_WARN_64_TO_32_BIT_CONVERSION = YES;
				GCC_WARN_ABOUT_RETURN_TYPE = YES_ERROR;
				GCC_WARN_UNDECLARED_SELECTOR = YES;
				GCC_WARN_UNINITIALIZED_AUTOS = YES_AGGRESSIVE;
				GCC_WARN_UNUSED_FUNCTION = YES;
				GCC_WARN_UNUSED_VARIABLE = YES;
				MACOSX_DEPLOYMENT_TARGET = 10.12;
				MTL_ENABLE_DEBUG_INFO = YES;
				ONLY_ACTIVE_ARCH = YES;
				SDKROOT = macosx;
			};
			name = Debug;
		};
		1766AC4B1F2DF98500283639 /* Release */ = {
			isa = XCBuildConfiguration;
			buildSettings = {
				ALWAYS_SEARCH_USER_PATHS = NO;
				CLANG_ANALYZER_NONNULL = YES;
				CLANG_ANALYZER_NUMBER_OBJECT_CONVERSION = YES_AGGRESSIVE;
				CLANG_CXX_LANGUAGE_STANDARD = "gnu++0x";
				CLANG_CXX_LIBRARY = "libc++";
				CLANG_ENABLE_MODULES = YES;
				CLANG_ENABLE_OBJC_ARC = YES;
				CLANG_WARN_BOOL_CONVERSION = YES;
				CLANG_WARN_CONSTANT_CONVERSION = YES;
				CLANG_WARN_DIRECT_OBJC_ISA_USAGE = YES_ERROR;
				CLANG_WARN_DOCUMENTATION_COMMENTS = YES;
				CLANG_WARN_EMPTY_BODY = YES;
				CLANG_WARN_ENUM_CONVERSION = YES;
				CLANG_WARN_INFINITE_RECURSION = YES;
				CLANG_WARN_INT_CONVERSION = YES;
				CLANG_WARN_OBJC_ROOT_CLASS = YES_ERROR;
				CLANG_WARN_SUSPICIOUS_MOVE = YES;
				CLANG_WARN_UNREACHABLE_CODE = YES;
				CLANG_WARN__DUPLICATE_METHOD_MATCH = YES;
				CODE_SIGN_IDENTITY = "-";
				COPY_PHASE_STRIP = NO;
				DEBUG_INFORMATION_FORMAT = "dwarf-with-dsym";
				ENABLE_NS_ASSERTIONS = NO;
				ENABLE_STRICT_OBJC_MSGSEND = YES;
				GCC_C_LANGUAGE_STANDARD = gnu99;
				GCC_NO_COMMON_BLOCKS = YES;
				GCC_WARN_64_TO_32_BIT_CONVERSION = YES;
				GCC_WARN_ABOUT_RETURN_TYPE = YES_ERROR;
				GCC_WARN_UNDECLARED_SELECTOR = YES;
				GCC_WARN_UNINITIALIZED_AUTOS = YES_AGGRESSIVE;
				GCC_WARN_UNUSED_FUNCTION = YES;
				GCC_WARN_UNUSED_VARIABLE = YES;
				MACOSX_DEPLOYMENT_TARGET = 10.12;
				MTL_ENABLE_DEBUG_INFO = NO;
				SDKROOT = macosx;
			};
			name = Release;
		};
		1766AC4D1F2DF98500283639 /* Debug */ = {
			isa = XCBuildConfiguration;
			buildSettings = {
				ASSETCATALOG_COMPILER_APPICON_NAME = AppIcon;
				COMBINE_HIDPI_IMAGES = YES;
				DEVELOPMENT_TEAM = 3535P3U7VR;
				INFOPLIST_FILE = z80test/Info.plist;
				LD_RUNPATH_SEARCH_PATHS = "$(inherited) @executable_path/../Frameworks";
				PRODUCT_BUNDLE_IDENTIFIER = com.71squared.z80test;
				PRODUCT_NAME = "$(TARGET_NAME)";
			};
			name = Debug;
		};
		1766AC4E1F2DF98500283639 /* Release */ = {
			isa = XCBuildConfiguration;
			buildSettings = {
				ASSETCATALOG_COMPILER_APPICON_NAME = AppIcon;
				COMBINE_HIDPI_IMAGES = YES;
				DEVELOPMENT_TEAM = 3535P3U7VR;
				INFOPLIST_FILE = z80test/Info.plist;
				LD_RUNPATH_SEARCH_PATHS = "$(inherited) @executable_path/../Frameworks";
				PRODUCT_BUNDLE_IDENTIFIER = com.71squared.z80test;
				PRODUCT_NAME = "$(TARGET_NAME)";
			};
			name = Release;
		};
/* End XCBuildConfiguration section */

/* Begin XCConfigurationList section */
		1766AC331F2DF98500283639 /* Build configuration list for PBXProject "z80test" */ = {
			isa = XCConfigurationList;
			buildConfigurations = (
				1766AC4A1F2DF98500283639 /* Debug */,
				1766AC4B1F2DF98500283639 /* Release */,
			);
			defaultConfigurationIsVisible = 0;
			defaultConfigurationName = Release;
		};
		1766AC4C1F2DF98500283639 /* Build configuration list for PBXNativeTarget "z80test" */ = {
			isa = XCConfigurationList;
			buildConfigurations = (
				1766AC4D1F2DF98500283639 /* Debug */,
				1766AC4E1F2DF98500283639 /* Release */,
			);
			defaultConfigurationIsVisible = 0;
			defaultConfigurationName = Release;
		};
/* End XCConfigurationList section */
	};
	rootObject = 1766AC301F2DF98500283639 /* Project object */;
}
